// !$*UTF8*$!
{
	archiveVersion = 1;
	classes = {
	};
	objectVersion = 46;
	objects = {

/* Begin PBXBuildFile section */
		B7023E111BB61A36005A6F93 /* GetHitAnimation.png in Resources */ = {isa = PBXBuildFile; fileRef = B7023E101BB61A36005A6F93 /* GetHitAnimation.png */; };
		B7023E131BB61A43005A6F93 /* BadAttackAnimation.png in Resources */ = {isa = PBXBuildFile; fileRef = B7023E121BB61A43005A6F93 /* BadAttackAnimation.png */; };
		B7023E151BB61A4A005A6F93 /* BasicIdle.png in Resources */ = {isa = PBXBuildFile; fileRef = B7023E141BB61A4A005A6F93 /* BasicIdle.png */; };
		B7034DA61E7298C3007288A6 /* Mode.cpp in Sources */ = {isa = PBXBuildFile; fileRef = B7034DA41E7298C3007288A6 /* Mode.cpp */; };
		B706A6D0211191EB009DC84D /* BuildingOutline4.png in Resources */ = {isa = PBXBuildFile; fileRef = B706A6CF211191EB009DC84D /* BuildingOutline4.png */; };
		B706A6D221119D70009DC84D /* BuildingOutline5.png in Resources */ = {isa = PBXBuildFile; fileRef = B706A6D121119D70009DC84D /* BuildingOutline5.png */; };
		B706A6D5211253AA009DC84D /* Clocktower.png in Resources */ = {isa = PBXBuildFile; fileRef = B706A6D3211253AA009DC84D /* Clocktower.png */; };
		B706A6D6211253AA009DC84D /* BuildingOutline6.png in Resources */ = {isa = PBXBuildFile; fileRef = B706A6D4211253AA009DC84D /* BuildingOutline6.png */; };
		B706A6D8211262FC009DC84D /* Fountain.png in Resources */ = {isa = PBXBuildFile; fileRef = B706A6D7211262FC009DC84D /* Fountain.png */; };
		B706A6DA211280DC009DC84D /* Booth.png in Resources */ = {isa = PBXBuildFile; fileRef = B706A6D9211280DC009DC84D /* Booth.png */; };
		B706F0781BFFE59700C95D49 /* State.cpp in Sources */ = {isa = PBXBuildFile; fileRef = B706F0761BFFE59700C95D49 /* State.cpp */; };
		B70D18DD20284340000B3584 /* BattleInfo.cpp in Sources */ = {isa = PBXBuildFile; fileRef = B70D18DB20284340000B3584 /* BattleInfo.cpp */; };
		B7215CE72107FEE000D7A6B6 /* Lighthouse.png in Resources */ = {isa = PBXBuildFile; fileRef = B7215CE62107FEE000D7A6B6 /* Lighthouse.png */; };
		B7262BCE2001A57E00989D70 /* MenuMode.cpp in Sources */ = {isa = PBXBuildFile; fileRef = B7262BCC2001A57E00989D70 /* MenuMode.cpp */; };
		B7262BD42001B48D00989D70 /* MenuOption.cpp in Sources */ = {isa = PBXBuildFile; fileRef = B7262BD22001B48D00989D70 /* MenuOption.cpp */; };
		B73219221B2111D000C41162 /* MapSection.cpp in Sources */ = {isa = PBXBuildFile; fileRef = B73219201B2111D000C41162 /* MapSection.cpp */; };
		B7396FA920F017D40095DDB5 /* Bramble.ttf in Resources */ = {isa = PBXBuildFile; fileRef = B7396FA820F017D40095DDB5 /* Bramble.ttf */; };
		B7396FBB20F036EB0095DDB5 /* TownEast.png in Resources */ = {isa = PBXBuildFile; fileRef = B7396FAE20F036EB0095DDB5 /* TownEast.png */; };
		B7396FBC20F036EB0095DDB5 /* BeachWest.png in Resources */ = {isa = PBXBuildFile; fileRef = B7396FAF20F036EB0095DDB5 /* BeachWest.png */; };
		B7396FBD20F036EB0095DDB5 /* Start.png in Resources */ = {isa = PBXBuildFile; fileRef = B7396FB020F036EB0095DDB5 /* Start.png */; };
		B7396FBE20F036EB0095DDB5 /* MountainSouth.png in Resources */ = {isa = PBXBuildFile; fileRef = B7396FB120F036EB0095DDB5 /* MountainSouth.png */; };
		B7396FBF20F036EB0095DDB5 /* BeachNorth.png in Resources */ = {isa = PBXBuildFile; fileRef = B7396FB220F036EB0095DDB5 /* BeachNorth.png */; };
		B7396FC020F036EB0095DDB5 /* SouthOfStart.png in Resources */ = {isa = PBXBuildFile; fileRef = B7396FB320F036EB0095DDB5 /* SouthOfStart.png */; };
		B7396FC120F036EB0095DDB5 /* Swamp.png in Resources */ = {isa = PBXBuildFile; fileRef = B7396FB420F036EB0095DDB5 /* Swamp.png */; };
		B7396FC220F036EB0095DDB5 /* Forest.png in Resources */ = {isa = PBXBuildFile; fileRef = B7396FB520F036EB0095DDB5 /* Forest.png */; };
		B7396FC320F036EB0095DDB5 /* TownSouth.png in Resources */ = {isa = PBXBuildFile; fileRef = B7396FB620F036EB0095DDB5 /* TownSouth.png */; };
		B7396FC420F036EB0095DDB5 /* MountainWest.png in Resources */ = {isa = PBXBuildFile; fileRef = B7396FB720F036EB0095DDB5 /* MountainWest.png */; };
		B7396FC520F036EB0095DDB5 /* MountainEast.png in Resources */ = {isa = PBXBuildFile; fileRef = B7396FB820F036EB0095DDB5 /* MountainEast.png */; };
		B7396FC620F036EB0095DDB5 /* BeachSouth.png in Resources */ = {isa = PBXBuildFile; fileRef = B7396FB920F036EB0095DDB5 /* BeachSouth.png */; };
		B7396FC720F036EB0095DDB5 /* LighthouseCoast.png in Resources */ = {isa = PBXBuildFile; fileRef = B7396FBA20F036EB0095DDB5 /* LighthouseCoast.png */; };
		B7396FCB20F059540095DDB5 /* MountainWest.cpp in Sources */ = {isa = PBXBuildFile; fileRef = B7396FC920F059540095DDB5 /* MountainWest.cpp */; };
		B7396FCE20F099CF0095DDB5 /* MountainEast.cpp in Sources */ = {isa = PBXBuildFile; fileRef = B7396FCC20F099CF0095DDB5 /* MountainEast.cpp */; };
		B7396FD120F09DE10095DDB5 /* MountainSouth.cpp in Sources */ = {isa = PBXBuildFile; fileRef = B7396FCF20F09DE10095DDB5 /* MountainSouth.cpp */; };
		B7396FD420F158FF0095DDB5 /* TownEast.cpp in Sources */ = {isa = PBXBuildFile; fileRef = B7396FD220F158FF0095DDB5 /* TownEast.cpp */; };
		B7396FD720F15AF50095DDB5 /* SouthOfStart.cpp in Sources */ = {isa = PBXBuildFile; fileRef = B7396FD520F15AF50095DDB5 /* SouthOfStart.cpp */; };
		B7396FDA20F15FF20095DDB5 /* Forest.cpp in Sources */ = {isa = PBXBuildFile; fileRef = B7396FD820F15FF20095DDB5 /* Forest.cpp */; };
		B7396FDD20F162C70095DDB5 /* Swamp.cpp in Sources */ = {isa = PBXBuildFile; fileRef = B7396FDB20F162C70095DDB5 /* Swamp.cpp */; };
		B73D2DCC2060C44600E23998 /* StatusEffect.cpp in Sources */ = {isa = PBXBuildFile; fileRef = B73D2DCA2060C44600E23998 /* StatusEffect.cpp */; };
		B73F35021E4B095B007EC4AC /* PlayerWalkingDown.png in Resources */ = {isa = PBXBuildFile; fileRef = B73F35011E4B095B007EC4AC /* PlayerWalkingDown.png */; };
		B73F35041E4B0963007EC4AC /* PlayerWalkingRight.png in Resources */ = {isa = PBXBuildFile; fileRef = B73F35031E4B0963007EC4AC /* PlayerWalkingRight.png */; };
		B73F35061E4B096D007EC4AC /* PlayerWalkingUp.png in Resources */ = {isa = PBXBuildFile; fileRef = B73F35051E4B096D007EC4AC /* PlayerWalkingUp.png */; };
		B7408AC220B3EE4A00CADF12 /* BlinkFade.cpp in Sources */ = {isa = PBXBuildFile; fileRef = B7408AC020B3EE4A00CADF12 /* BlinkFade.cpp */; };
		B742133F1E3836F300090D95 /* tree.png in Resources */ = {isa = PBXBuildFile; fileRef = B742133E1E3836F300090D95 /* tree.png */; };
		B74213421E384C7F00090D95 /* BeachNorth.cpp in Sources */ = {isa = PBXBuildFile; fileRef = B74213401E384C7F00090D95 /* BeachNorth.cpp */; };
		B742D6F91C1292EA0093C785 /* ResourceHolder.cpp in Sources */ = {isa = PBXBuildFile; fileRef = B742D6F71C1292EA0093C785 /* ResourceHolder.cpp */; };
		B7439C1A1ECA6D8C00724D0B /* Scarecrow.png in Resources */ = {isa = PBXBuildFile; fileRef = B7439C191ECA6D8C00724D0B /* Scarecrow.png */; };
		B7439C1E1ECB8DED00724D0B /* GraphicsComponent.cpp in Sources */ = {isa = PBXBuildFile; fileRef = B7439C1C1ECB8DED00724D0B /* GraphicsComponent.cpp */; };
		B7439C211ECB8F2E00724D0B /* AnimatedComponent.cpp in Sources */ = {isa = PBXBuildFile; fileRef = B7439C1F1ECB8F2D00724D0B /* AnimatedComponent.cpp */; };
		B7439C241ECB983900724D0B /* DelayedAnimation.cpp in Sources */ = {isa = PBXBuildFile; fileRef = B7439C221ECB983900724D0B /* DelayedAnimation.cpp */; };
		B743EDA120FECCFF006DE82D /* BikiniBabe.png in Resources */ = {isa = PBXBuildFile; fileRef = B743EDA020FECCFF006DE82D /* BikiniBabe.png */; };
		B747A9F821085AD6007F29EC /* StoreOutline.png in Resources */ = {isa = PBXBuildFile; fileRef = B747A9F721085AD6007F29EC /* StoreOutline.png */; };
		B74A245220F6BC0100F9F331 /* BattleAI.cpp in Sources */ = {isa = PBXBuildFile; fileRef = B74A245020F6BC0100F9F331 /* BattleAI.cpp */; };
		B75ABA1A1C7BD7DA00B9FFDE /* IterVector.inl in Resources */ = {isa = PBXBuildFile; fileRef = B75ABA191C7BD7DA00B9FFDE /* IterVector.inl */; };
		B75ABA231C7BD81D00B9FFDE /* DNode.cpp in Sources */ = {isa = PBXBuildFile; fileRef = B75ABA1C1C7BD81D00B9FFDE /* DNode.cpp */; };
		B75ABA241C7BD81D00B9FFDE /* OptionNode.cpp in Sources */ = {isa = PBXBuildFile; fileRef = B75ABA1E1C7BD81D00B9FFDE /* OptionNode.cpp */; };
		B75ABA251C7BD81D00B9FFDE /* TalkNode.cpp in Sources */ = {isa = PBXBuildFile; fileRef = B75ABA201C7BD81D00B9FFDE /* TalkNode.cpp */; };
		B75ABA291C7BE1C400B9FFDE /* DialogueMode.cpp in Sources */ = {isa = PBXBuildFile; fileRef = B75ABA271C7BE1C400B9FFDE /* DialogueMode.cpp */; };
		B75B77911C00723900122CCC /* StateStack.cpp in Sources */ = {isa = PBXBuildFile; fileRef = B75B778F1C00723900122CCC /* StateStack.cpp */; };
		B75F862C1BACE0C60093B615 /* Character.cpp in Sources */ = {isa = PBXBuildFile; fileRef = B75F862A1BACE0C60093B615 /* Character.cpp */; };
		B75F862F1BACE0FB0093B615 /* Ability.cpp in Sources */ = {isa = PBXBuildFile; fileRef = B75F862D1BACE0FB0093B615 /* Ability.cpp */; };
		B7603A88210BD0B400B6B858 /* BuildingOutline2.png in Resources */ = {isa = PBXBuildFile; fileRef = B7603A86210BD0B400B6B858 /* BuildingOutline2.png */; };
		B7603A89210BD0B400B6B858 /* BuildingOutline3.png in Resources */ = {isa = PBXBuildFile; fileRef = B7603A87210BD0B400B6B858 /* BuildingOutline3.png */; };
		B7603A8F210D9D2500B6B858 /* Baker.png in Resources */ = {isa = PBXBuildFile; fileRef = B7603A8A210D9D2400B6B858 /* Baker.png */; };
		B7603A90210D9D2500B6B858 /* Drunk.png in Resources */ = {isa = PBXBuildFile; fileRef = B7603A8B210D9D2500B6B858 /* Drunk.png */; };
		B7603A91210D9D2500B6B858 /* Pirate.png in Resources */ = {isa = PBXBuildFile; fileRef = B7603A8C210D9D2500B6B858 /* Pirate.png */; };
		B7603A92210D9D2500B6B858 /* Kid.png in Resources */ = {isa = PBXBuildFile; fileRef = B7603A8D210D9D2500B6B858 /* Kid.png */; };
		B7603A93210D9D2500B6B858 /* Fisherman.png in Resources */ = {isa = PBXBuildFile; fileRef = B7603A8E210D9D2500B6B858 /* Fisherman.png */; };
		B7635BF320FF308300806279 /* PlayerWalkingDown2.png in Resources */ = {isa = PBXBuildFile; fileRef = B7635BEF20FF308200806279 /* PlayerWalkingDown2.png */; };
		B7635BF420FF308300806279 /* PlayerWalkingRight2.png in Resources */ = {isa = PBXBuildFile; fileRef = B7635BF020FF308200806279 /* PlayerWalkingRight2.png */; };
		B7635BF520FF308300806279 /* PlayerWalkingUp2.png in Resources */ = {isa = PBXBuildFile; fileRef = B7635BF120FF308300806279 /* PlayerWalkingUp2.png */; };
		B7635BF620FF308300806279 /* PlayerWalkingLeft2.png in Resources */ = {isa = PBXBuildFile; fileRef = B7635BF220FF308300806279 /* PlayerWalkingLeft2.png */; };
		B76CFD8C2114342D00E63EE3 /* WavesSouth.png in Resources */ = {isa = PBXBuildFile; fileRef = B76CFD8B2114342D00E63EE3 /* WavesSouth.png */; };
		B76CFD8E2114FEDF00E63EE3 /* Docks.png in Resources */ = {isa = PBXBuildFile; fileRef = B76CFD8D2114FEDF00E63EE3 /* Docks.png */; };
		B76CFD9021180CA100E63EE3 /* Point.png in Resources */ = {isa = PBXBuildFile; fileRef = B76CFD8F21180CA100E63EE3 /* Point.png */; };
		B76E02341D738EC90058D39E /* ResourcePath.mm in Sources */ = {isa = PBXBuildFile; fileRef = B76E02331D738EC90058D39E /* ResourcePath.mm */; };
		B7701D831EF262EA006AB891 /* Conditions.hpp in Resources */ = {isa = PBXBuildFile; fileRef = B7701D821EF262EA006AB891 /* Conditions.hpp */; };
		B7701D851EF4740D006AB891 /* Campfire.png in Resources */ = {isa = PBXBuildFile; fileRef = B7701D841EF4740D006AB891 /* Campfire.png */; };
		B77783F81AE5C57D007FA840 /* main.cpp in Sources */ = {isa = PBXBuildFile; fileRef = B77783F71AE5C57D007FA840 /* main.cpp */; };
		B77783FD1AE5C57D007FA840 /* nice_music.ogg in Resources */ = {isa = PBXBuildFile; fileRef = B77783FC1AE5C57D007FA840 /* nice_music.ogg */; };
		B77783FF1AE5C57D007FA840 /* sansation.ttf in Resources */ = {isa = PBXBuildFile; fileRef = B77783FE1AE5C57D007FA840 /* sansation.ttf */; };
		B77784011AE5C57D007FA840 /* icon.png in Resources */ = {isa = PBXBuildFile; fileRef = B77784001AE5C57D007FA840 /* icon.png */; };
		B77784091AE5C84D007FA840 /* Game.cpp in Sources */ = {isa = PBXBuildFile; fileRef = B77784071AE5C84D007FA840 /* Game.cpp */; };
		B77A1BDF206A3B3300CD87DF /* Statuses.cpp in Sources */ = {isa = PBXBuildFile; fileRef = B77A1BDD206A3B3300CD87DF /* Statuses.cpp */; };
		B77BE44C1BB5E03500F5645C /* Menu.cpp in Sources */ = {isa = PBXBuildFile; fileRef = B77BE44A1BB5E03500F5645C /* Menu.cpp */; };
		B77F7EAB208E825C009FEE8A /* DialogueFactory.cpp in Sources */ = {isa = PBXBuildFile; fileRef = B77F7EA9208E825C009FEE8A /* DialogueFactory.cpp */; };
		B77F7EAD208EB677009FEE8A /* DialogueIDs.hpp in Resources */ = {isa = PBXBuildFile; fileRef = B77F7EAC208EB677009FEE8A /* DialogueIDs.hpp */; };
		B78316FE20E6EA7400740527 /* PauseState.cpp in Sources */ = {isa = PBXBuildFile; fileRef = B78316FC20E6EA7400740527 /* PauseState.cpp */; };
		B783170020EC9C7100740527 /* BrickHouse.png in Resources */ = {isa = PBXBuildFile; fileRef = B78316FF20EC9C7100740527 /* BrickHouse.png */; };
		B783170220EC9C7B00740527 /* DeadTree.png in Resources */ = {isa = PBXBuildFile; fileRef = B783170120EC9C7B00740527 /* DeadTree.png */; };
		B786FF1320E4BA8E00EAE1A0 /* SmallWheat.png in Resources */ = {isa = PBXBuildFile; fileRef = B786FF1220E4BA8E00EAE1A0 /* SmallWheat.png */; };
		B78873551F3D530E00E7C725 /* CharacterGenerator.cpp in Sources */ = {isa = PBXBuildFile; fileRef = B78873531F3D530E00E7C725 /* CharacterGenerator.cpp */; };
		B7942A95210A958B00BA2195 /* SalutingSoldier.png in Resources */ = {isa = PBXBuildFile; fileRef = B7942A92210A958A00BA2195 /* SalutingSoldier.png */; };
		B7942A96210A958B00BA2195 /* TheColonel.png in Resources */ = {isa = PBXBuildFile; fileRef = B7942A93210A958B00BA2195 /* TheColonel.png */; };
		B7942A97210A958B00BA2195 /* SittingSoldier.png in Resources */ = {isa = PBXBuildFile; fileRef = B7942A94210A958B00BA2195 /* SittingSoldier.png */; };
		B797796F2044DBF7000870C2 /* AttackMode.cpp in Sources */ = {isa = PBXBuildFile; fileRef = B797796D2044DBF7000870C2 /* AttackMode.cpp */; };
		B79779742046762A000870C2 /* MapObject.cpp in Sources */ = {isa = PBXBuildFile; fileRef = B79779732046762A000870C2 /* MapObject.cpp */; };
		B7977978204676D4000870C2 /* PlayerObject.cpp in Sources */ = {isa = PBXBuildFile; fileRef = B7977976204676D4000870C2 /* PlayerObject.cpp */; };
		B79AD8D81D4F128200B7C8F7 /* Start.cpp in Sources */ = {isa = PBXBuildFile; fileRef = B79AD8D61D4F128200B7C8F7 /* Start.cpp */; };
		B79E29881BA0E1C80020BA93 /* RollingWheat.png in Resources */ = {isa = PBXBuildFile; fileRef = B79E29871BA0E1C80020BA93 /* RollingWheat.png */; };
		B7A0D238209A886700098096 /* DPath.cpp in Sources */ = {isa = PBXBuildFile; fileRef = B7A0D236209A886700098096 /* DPath.cpp */; };
		B7A0D23A209BC3EF00098096 /* pond.png in Resources */ = {isa = PBXBuildFile; fileRef = B7A0D239209BC3EF00098096 /* pond.png */; };
		B7A1EB3A1EDA9F5100667423 /* Yak.png in Resources */ = {isa = PBXBuildFile; fileRef = B7A1EB391EDA9F5100667423 /* Yak.png */; };
		B7A26C0F1C8061A50083989B /* Trigger.cpp in Sources */ = {isa = PBXBuildFile; fileRef = B7A26C0D1C8061A50083989B /* Trigger.cpp */; };
		B7A26C121C8070370083989B /* ZoneExit.cpp in Sources */ = {isa = PBXBuildFile; fileRef = B7A26C101C8070370083989B /* ZoneExit.cpp */; };
		B7A58FD620A2D0030002A47F /* AbilityOption.cpp in Sources */ = {isa = PBXBuildFile; fileRef = B7A58FD420A2D0030002A47F /* AbilityOption.cpp */; };
		B7AA2BB220F33A41003B1F42 /* BeachSouth.cpp in Sources */ = {isa = PBXBuildFile; fileRef = B7AA2BB020F33A41003B1F42 /* BeachSouth.cpp */; };
		B7AA2BB520F33B88003B1F42 /* TownSouth.cpp in Sources */ = {isa = PBXBuildFile; fileRef = B7AA2BB320F33B88003B1F42 /* TownSouth.cpp */; };
		B7AA2BB820F33DAB003B1F42 /* LighthouseCoast.cpp in Sources */ = {isa = PBXBuildFile; fileRef = B7AA2BB620F33DAB003B1F42 /* LighthouseCoast.cpp */; };
		B7B2778E1EE3E3470051D7C4 /* WalkingAnimation.cpp in Sources */ = {isa = PBXBuildFile; fileRef = B7B2778C1EE3E3470051D7C4 /* WalkingAnimation.cpp */; };
		B7BE058320B938D8008D6537 /* bush.png in Resources */ = {isa = PBXBuildFile; fileRef = B7BE058220B938D8008D6537 /* bush.png */; };
		B7C00F1E20F95A36006CEEA4 /* DialogueBar.png in Resources */ = {isa = PBXBuildFile; fileRef = B7C00F1D20F95A36006CEEA4 /* DialogueBar.png */; };
		B7C3E680212D4330004F9A73 /* SittingSoldierBig.png in Resources */ = {isa = PBXBuildFile; fileRef = B7C3E67F212D4330004F9A73 /* SittingSoldierBig.png */; };
		B7C7948C212B967700551E2F /* BuildingOutline8.png in Resources */ = {isa = PBXBuildFile; fileRef = B7C7948B212B967600551E2F /* BuildingOutline8.png */; };
		B7C9F3811E6235D300E7A045 /* Fade.cpp in Sources */ = {isa = PBXBuildFile; fileRef = B7C9F37F1E6235D300E7A045 /* Fade.cpp */; };
		B7CCC8662130DFCD00CC6533 /* Shed.png in Resources */ = {isa = PBXBuildFile; fileRef = B7CCC8652130DFCD00CC6533 /* Shed.png */; };
		B7CCC8692132783800CC6533 /* ListeningManAnim.png in Resources */ = {isa = PBXBuildFile; fileRef = B7CCC8672132783800CC6533 /* ListeningManAnim.png */; };
		B7CCC86A2132783800CC6533 /* ColonelAnim.png in Resources */ = {isa = PBXBuildFile; fileRef = B7CCC8682132783800CC6533 /* ColonelAnim.png */; };
		B7CEB32F212E012B00E072D5 /* Garden.png in Resources */ = {isa = PBXBuildFile; fileRef = B7CEB32E212E012A00E072D5 /* Garden.png */; };
		B7D17D151E4E958300D71290 /* PlayerWalkingLeft.png in Resources */ = {isa = PBXBuildFile; fileRef = B7D17D141E4E958300D71290 /* PlayerWalkingLeft.png */; };
		B7D17D1B1E512CDC00D71290 /* LoadState.cpp in Sources */ = {isa = PBXBuildFile; fileRef = B7D17D191E512CDC00D71290 /* LoadState.cpp */; };
		B7DAA36C210272B700DF1E7C /* AnimationSheet.cpp in Sources */ = {isa = PBXBuildFile; fileRef = B7DAA36A210272B700DF1E7C /* AnimationSheet.cpp */; };
		B7DAA36E210288D200DF1E7C /* GetKilled.png in Resources */ = {isa = PBXBuildFile; fileRef = B7DAA36D210288D200DF1E7C /* GetKilled.png */; };
		B7DAA370210288D800DF1E7C /* BasicDead.png in Resources */ = {isa = PBXBuildFile; fileRef = B7DAA36F210288D800DF1E7C /* BasicDead.png */; };
		B7DAD36221293E52002E7000 /* BuildingOutline7.png in Resources */ = {isa = PBXBuildFile; fileRef = B7DAD36121293E52002E7000 /* BuildingOutline7.png */; };
		B7DAD364212A23D3002E7000 /* BoothAnimation.png in Resources */ = {isa = PBXBuildFile; fileRef = B7DAD363212A23D3002E7000 /* BoothAnimation.png */; };
		B7DD37451C35DFFC0089224E /* BattleState.cpp in Sources */ = {isa = PBXBuildFile; fileRef = B7DD37431C35DFFC0089224E /* BattleState.cpp */; };
		B7DEE729207F2AAD00B1B97C /* MapFactory.cpp in Sources */ = {isa = PBXBuildFile; fileRef = B7DEE727207F2AAD00B1B97C /* MapFactory.cpp */; };
		B7E5DD4A1AE879C800E6EA3F /* OverworldMode.cpp in Sources */ = {isa = PBXBuildFile; fileRef = B7E5DD481AE879C800E6EA3F /* OverworldMode.cpp */; };
		B7E99BDB20B7817800FABB99 /* BeachWest.cpp in Sources */ = {isa = PBXBuildFile; fileRef = B7E99BD920B7817800FABB99 /* BeachWest.cpp */; };
		B7EE61632071DEAD00AA376E /* BattleEndMode.cpp in Sources */ = {isa = PBXBuildFile; fileRef = B7EE61612071DEAD00AA376E /* BattleEndMode.cpp */; };
		B7EF1BC420D246DE00CFD04E /* WavesWest.png in Resources */ = {isa = PBXBuildFile; fileRef = B7EF1BC320D246DE00CFD04E /* WavesWest.png */; };
		B7F96FDA1FFCD21B00FAB91B /* BattleAction.cpp in Sources */ = {isa = PBXBuildFile; fileRef = B7F96FD81FFCD21B00FAB91B /* BattleAction.cpp */; };
/* End PBXBuildFile section */

/* Begin PBXFileReference section */
		B7023E101BB61A36005A6F93 /* GetHitAnimation.png */ = {isa = PBXFileReference; lastKnownFileType = image.png; path = GetHitAnimation.png; sourceTree = "<group>"; };
		B7023E121BB61A43005A6F93 /* BadAttackAnimation.png */ = {isa = PBXFileReference; lastKnownFileType = image.png; path = BadAttackAnimation.png; sourceTree = "<group>"; };
		B7023E141BB61A4A005A6F93 /* BasicIdle.png */ = {isa = PBXFileReference; lastKnownFileType = image.png; path = BasicIdle.png; sourceTree = "<group>"; };
		B7034DA41E7298C3007288A6 /* Mode.cpp */ = {isa = PBXFileReference; fileEncoding = 4; lastKnownFileType = sourcecode.cpp.cpp; path = Mode.cpp; sourceTree = "<group>"; };
		B7034DA51E7298C3007288A6 /* Mode.hpp */ = {isa = PBXFileReference; fileEncoding = 4; lastKnownFileType = sourcecode.cpp.h; path = Mode.hpp; sourceTree = "<group>"; };
		B706A6CF211191EB009DC84D /* BuildingOutline4.png */ = {isa = PBXFileReference; lastKnownFileType = image.png; path = BuildingOutline4.png; sourceTree = "<group>"; };
		B706A6D121119D70009DC84D /* BuildingOutline5.png */ = {isa = PBXFileReference; lastKnownFileType = image.png; path = BuildingOutline5.png; sourceTree = "<group>"; };
		B706A6D3211253AA009DC84D /* Clocktower.png */ = {isa = PBXFileReference; lastKnownFileType = image.png; path = Clocktower.png; sourceTree = "<group>"; };
		B706A6D4211253AA009DC84D /* BuildingOutline6.png */ = {isa = PBXFileReference; lastKnownFileType = image.png; path = BuildingOutline6.png; sourceTree = "<group>"; };
		B706A6D7211262FC009DC84D /* Fountain.png */ = {isa = PBXFileReference; lastKnownFileType = image.png; path = Fountain.png; sourceTree = "<group>"; };
		B706A6D9211280DC009DC84D /* Booth.png */ = {isa = PBXFileReference; lastKnownFileType = image.png; path = Booth.png; sourceTree = "<group>"; };
		B706F0761BFFE59700C95D49 /* State.cpp */ = {isa = PBXFileReference; fileEncoding = 4; lastKnownFileType = sourcecode.cpp.cpp; path = State.cpp; sourceTree = "<group>"; };
		B706F0771BFFE59700C95D49 /* State.h */ = {isa = PBXFileReference; fileEncoding = 4; lastKnownFileType = sourcecode.c.h; path = State.h; sourceTree = "<group>"; };
		B70D18DB20284340000B3584 /* BattleInfo.cpp */ = {isa = PBXFileReference; lastKnownFileType = sourcecode.cpp.cpp; path = BattleInfo.cpp; sourceTree = "<group>"; };
		B70D18DC20284340000B3584 /* BattleInfo.hpp */ = {isa = PBXFileReference; lastKnownFileType = sourcecode.cpp.h; path = BattleInfo.hpp; sourceTree = "<group>"; };
		B7215CE62107FEE000D7A6B6 /* Lighthouse.png */ = {isa = PBXFileReference; lastKnownFileType = image.png; path = Lighthouse.png; sourceTree = "<group>"; };
		B7262BCC2001A57E00989D70 /* MenuMode.cpp */ = {isa = PBXFileReference; lastKnownFileType = sourcecode.cpp.cpp; path = MenuMode.cpp; sourceTree = "<group>"; };
		B7262BCD2001A57E00989D70 /* MenuMode.hpp */ = {isa = PBXFileReference; lastKnownFileType = sourcecode.cpp.h; path = MenuMode.hpp; sourceTree = "<group>"; };
		B7262BD22001B48D00989D70 /* MenuOption.cpp */ = {isa = PBXFileReference; lastKnownFileType = sourcecode.cpp.cpp; path = MenuOption.cpp; sourceTree = "<group>"; };
		B7262BD32001B48D00989D70 /* MenuOption.hpp */ = {isa = PBXFileReference; lastKnownFileType = sourcecode.cpp.h; path = MenuOption.hpp; sourceTree = "<group>"; };
		B7262BD620035BBC00989D70 /* Menu.hpp */ = {isa = PBXFileReference; lastKnownFileType = sourcecode.cpp.h; path = Menu.hpp; sourceTree = "<group>"; };
		B73219201B2111D000C41162 /* MapSection.cpp */ = {isa = PBXFileReference; fileEncoding = 4; lastKnownFileType = sourcecode.cpp.cpp; path = MapSection.cpp; sourceTree = "<group>"; usesTabs = 1; };
		B73219211B2111D000C41162 /* MapSection.h */ = {isa = PBXFileReference; fileEncoding = 4; lastKnownFileType = sourcecode.c.h; path = MapSection.h; sourceTree = "<group>"; };
		B7396FA820F017D40095DDB5 /* Bramble.ttf */ = {isa = PBXFileReference; lastKnownFileType = file; path = Bramble.ttf; sourceTree = "<group>"; };
		B7396FAE20F036EB0095DDB5 /* TownEast.png */ = {isa = PBXFileReference; lastKnownFileType = image.png; path = TownEast.png; sourceTree = "<group>"; };
		B7396FAF20F036EB0095DDB5 /* BeachWest.png */ = {isa = PBXFileReference; lastKnownFileType = image.png; path = BeachWest.png; sourceTree = "<group>"; };
		B7396FB020F036EB0095DDB5 /* Start.png */ = {isa = PBXFileReference; lastKnownFileType = image.png; path = Start.png; sourceTree = "<group>"; };
		B7396FB120F036EB0095DDB5 /* MountainSouth.png */ = {isa = PBXFileReference; lastKnownFileType = image.png; path = MountainSouth.png; sourceTree = "<group>"; };
		B7396FB220F036EB0095DDB5 /* BeachNorth.png */ = {isa = PBXFileReference; lastKnownFileType = image.png; path = BeachNorth.png; sourceTree = "<group>"; };
		B7396FB320F036EB0095DDB5 /* SouthOfStart.png */ = {isa = PBXFileReference; lastKnownFileType = image.png; path = SouthOfStart.png; sourceTree = "<group>"; };
		B7396FB420F036EB0095DDB5 /* Swamp.png */ = {isa = PBXFileReference; lastKnownFileType = image.png; path = Swamp.png; sourceTree = "<group>"; };
		B7396FB520F036EB0095DDB5 /* Forest.png */ = {isa = PBXFileReference; lastKnownFileType = image.png; path = Forest.png; sourceTree = "<group>"; };
		B7396FB620F036EB0095DDB5 /* TownSouth.png */ = {isa = PBXFileReference; lastKnownFileType = image.png; path = TownSouth.png; sourceTree = "<group>"; };
		B7396FB720F036EB0095DDB5 /* MountainWest.png */ = {isa = PBXFileReference; lastKnownFileType = image.png; path = MountainWest.png; sourceTree = "<group>"; };
		B7396FB820F036EB0095DDB5 /* MountainEast.png */ = {isa = PBXFileReference; lastKnownFileType = image.png; path = MountainEast.png; sourceTree = "<group>"; };
		B7396FB920F036EB0095DDB5 /* BeachSouth.png */ = {isa = PBXFileReference; lastKnownFileType = image.png; path = BeachSouth.png; sourceTree = "<group>"; };
		B7396FBA20F036EB0095DDB5 /* LighthouseCoast.png */ = {isa = PBXFileReference; lastKnownFileType = image.png; path = LighthouseCoast.png; sourceTree = "<group>"; };
		B7396FC920F059540095DDB5 /* MountainWest.cpp */ = {isa = PBXFileReference; lastKnownFileType = sourcecode.cpp.cpp; path = MountainWest.cpp; sourceTree = "<group>"; };
		B7396FCA20F059540095DDB5 /* MountainWest.hpp */ = {isa = PBXFileReference; lastKnownFileType = sourcecode.cpp.h; path = MountainWest.hpp; sourceTree = "<group>"; };
		B7396FCC20F099CF0095DDB5 /* MountainEast.cpp */ = {isa = PBXFileReference; lastKnownFileType = sourcecode.cpp.cpp; path = MountainEast.cpp; sourceTree = "<group>"; };
		B7396FCD20F099CF0095DDB5 /* MountainEast.hpp */ = {isa = PBXFileReference; lastKnownFileType = sourcecode.cpp.h; path = MountainEast.hpp; sourceTree = "<group>"; };
		B7396FCF20F09DE10095DDB5 /* MountainSouth.cpp */ = {isa = PBXFileReference; lastKnownFileType = sourcecode.cpp.cpp; path = MountainSouth.cpp; sourceTree = "<group>"; };
		B7396FD020F09DE10095DDB5 /* MountainSouth.hpp */ = {isa = PBXFileReference; lastKnownFileType = sourcecode.cpp.h; path = MountainSouth.hpp; sourceTree = "<group>"; };
		B7396FD220F158FF0095DDB5 /* TownEast.cpp */ = {isa = PBXFileReference; lastKnownFileType = sourcecode.cpp.cpp; path = TownEast.cpp; sourceTree = "<group>"; };
		B7396FD320F158FF0095DDB5 /* TownEast.hpp */ = {isa = PBXFileReference; lastKnownFileType = sourcecode.cpp.h; path = TownEast.hpp; sourceTree = "<group>"; };
		B7396FD520F15AF50095DDB5 /* SouthOfStart.cpp */ = {isa = PBXFileReference; lastKnownFileType = sourcecode.cpp.cpp; path = SouthOfStart.cpp; sourceTree = "<group>"; };
		B7396FD620F15AF50095DDB5 /* SouthOfStart.hpp */ = {isa = PBXFileReference; lastKnownFileType = sourcecode.cpp.h; path = SouthOfStart.hpp; sourceTree = "<group>"; };
		B7396FD820F15FF20095DDB5 /* Forest.cpp */ = {isa = PBXFileReference; lastKnownFileType = sourcecode.cpp.cpp; path = Forest.cpp; sourceTree = "<group>"; };
		B7396FD920F15FF20095DDB5 /* Forest.hpp */ = {isa = PBXFileReference; lastKnownFileType = sourcecode.cpp.h; path = Forest.hpp; sourceTree = "<group>"; };
		B7396FDB20F162C70095DDB5 /* Swamp.cpp */ = {isa = PBXFileReference; lastKnownFileType = sourcecode.cpp.cpp; path = Swamp.cpp; sourceTree = "<group>"; };
		B7396FDC20F162C70095DDB5 /* Swamp.hpp */ = {isa = PBXFileReference; lastKnownFileType = sourcecode.cpp.h; path = Swamp.hpp; sourceTree = "<group>"; };
		B73D2DCA2060C44600E23998 /* StatusEffect.cpp */ = {isa = PBXFileReference; lastKnownFileType = sourcecode.cpp.cpp; path = StatusEffect.cpp; sourceTree = "<group>"; };
		B73D2DCB2060C44600E23998 /* StatusEffect.hpp */ = {isa = PBXFileReference; lastKnownFileType = sourcecode.cpp.h; path = StatusEffect.hpp; sourceTree = "<group>"; };
		B73F35011E4B095B007EC4AC /* PlayerWalkingDown.png */ = {isa = PBXFileReference; lastKnownFileType = image.png; path = PlayerWalkingDown.png; sourceTree = "<group>"; };
		B73F35031E4B0963007EC4AC /* PlayerWalkingRight.png */ = {isa = PBXFileReference; lastKnownFileType = image.png; path = PlayerWalkingRight.png; sourceTree = "<group>"; };
		B73F35051E4B096D007EC4AC /* PlayerWalkingUp.png */ = {isa = PBXFileReference; lastKnownFileType = image.png; path = PlayerWalkingUp.png; sourceTree = "<group>"; };
		B7408AC020B3EE4A00CADF12 /* BlinkFade.cpp */ = {isa = PBXFileReference; lastKnownFileType = sourcecode.cpp.cpp; path = BlinkFade.cpp; sourceTree = "<group>"; };
		B7408AC120B3EE4A00CADF12 /* BlinkFade.hpp */ = {isa = PBXFileReference; lastKnownFileType = sourcecode.cpp.h; path = BlinkFade.hpp; sourceTree = "<group>"; };
		B742133E1E3836F300090D95 /* tree.png */ = {isa = PBXFileReference; lastKnownFileType = image.png; path = tree.png; sourceTree = "<group>"; };
		B74213401E384C7F00090D95 /* BeachNorth.cpp */ = {isa = PBXFileReference; fileEncoding = 4; lastKnownFileType = sourcecode.cpp.cpp; path = BeachNorth.cpp; sourceTree = "<group>"; usesTabs = 1; };
		B74213411E384C7F00090D95 /* BeachNorth.hpp */ = {isa = PBXFileReference; fileEncoding = 4; lastKnownFileType = sourcecode.cpp.h; path = BeachNorth.hpp; sourceTree = "<group>"; };
		B742D6F71C1292EA0093C785 /* ResourceHolder.cpp */ = {isa = PBXFileReference; fileEncoding = 4; lastKnownFileType = sourcecode.cpp.cpp; path = ResourceHolder.cpp; sourceTree = "<group>"; };
		B742D6F81C1292EA0093C785 /* ResourceHolder.h */ = {isa = PBXFileReference; fileEncoding = 4; lastKnownFileType = sourcecode.c.h; path = ResourceHolder.h; sourceTree = "<group>"; };
		B7439C191ECA6D8C00724D0B /* Scarecrow.png */ = {isa = PBXFileReference; lastKnownFileType = image.png; path = Scarecrow.png; sourceTree = "<group>"; };
		B7439C1C1ECB8DED00724D0B /* GraphicsComponent.cpp */ = {isa = PBXFileReference; fileEncoding = 4; lastKnownFileType = sourcecode.cpp.cpp; path = GraphicsComponent.cpp; sourceTree = "<group>"; };
		B7439C1D1ECB8DED00724D0B /* GraphicsComponent.hpp */ = {isa = PBXFileReference; fileEncoding = 4; lastKnownFileType = sourcecode.cpp.h; path = GraphicsComponent.hpp; sourceTree = "<group>"; };
		B7439C1F1ECB8F2D00724D0B /* AnimatedComponent.cpp */ = {isa = PBXFileReference; fileEncoding = 4; lastKnownFileType = sourcecode.cpp.cpp; path = AnimatedComponent.cpp; sourceTree = "<group>"; };
		B7439C201ECB8F2E00724D0B /* AnimatedComponent.hpp */ = {isa = PBXFileReference; fileEncoding = 4; lastKnownFileType = sourcecode.cpp.h; path = AnimatedComponent.hpp; sourceTree = "<group>"; };
		B7439C221ECB983900724D0B /* DelayedAnimation.cpp */ = {isa = PBXFileReference; fileEncoding = 4; lastKnownFileType = sourcecode.cpp.cpp; path = DelayedAnimation.cpp; sourceTree = "<group>"; };
		B7439C231ECB983900724D0B /* DelayedAnimation.hpp */ = {isa = PBXFileReference; fileEncoding = 4; lastKnownFileType = sourcecode.cpp.h; path = DelayedAnimation.hpp; sourceTree = "<group>"; };
		B743EDA020FECCFF006DE82D /* BikiniBabe.png */ = {isa = PBXFileReference; lastKnownFileType = image.png; path = BikiniBabe.png; sourceTree = "<group>"; };
		B747A9F721085AD6007F29EC /* StoreOutline.png */ = {isa = PBXFileReference; lastKnownFileType = image.png; path = StoreOutline.png; sourceTree = "<group>"; };
		B74A245020F6BC0100F9F331 /* BattleAI.cpp */ = {isa = PBXFileReference; lastKnownFileType = sourcecode.cpp.cpp; path = BattleAI.cpp; sourceTree = "<group>"; };
		B74A245120F6BC0100F9F331 /* BattleAI.hpp */ = {isa = PBXFileReference; lastKnownFileType = sourcecode.cpp.h; path = BattleAI.hpp; sourceTree = "<group>"; };
		B75ABA181C7BD7DA00B9FFDE /* IterVector.hpp */ = {isa = PBXFileReference; fileEncoding = 4; lastKnownFileType = sourcecode.cpp.h; path = IterVector.hpp; sourceTree = "<group>"; };
		B75ABA191C7BD7DA00B9FFDE /* IterVector.inl */ = {isa = PBXFileReference; fileEncoding = 4; lastKnownFileType = text; path = IterVector.inl; sourceTree = "<group>"; };
		B75ABA1B1C7BD81D00B9FFDE /* DNode.h */ = {isa = PBXFileReference; fileEncoding = 4; lastKnownFileType = sourcecode.c.h; path = DNode.h; sourceTree = "<group>"; };
		B75ABA1C1C7BD81D00B9FFDE /* DNode.cpp */ = {isa = PBXFileReference; fileEncoding = 4; lastKnownFileType = sourcecode.cpp.cpp; path = DNode.cpp; sourceTree = "<group>"; };
		B75ABA1D1C7BD81D00B9FFDE /* OptionNode.h */ = {isa = PBXFileReference; fileEncoding = 4; lastKnownFileType = sourcecode.c.h; path = OptionNode.h; sourceTree = "<group>"; };
		B75ABA1E1C7BD81D00B9FFDE /* OptionNode.cpp */ = {isa = PBXFileReference; fileEncoding = 4; lastKnownFileType = sourcecode.cpp.cpp; path = OptionNode.cpp; sourceTree = "<group>"; };
		B75ABA1F1C7BD81D00B9FFDE /* TalkNode.h */ = {isa = PBXFileReference; fileEncoding = 4; lastKnownFileType = sourcecode.c.h; path = TalkNode.h; sourceTree = "<group>"; };
		B75ABA201C7BD81D00B9FFDE /* TalkNode.cpp */ = {isa = PBXFileReference; fileEncoding = 4; lastKnownFileType = sourcecode.cpp.cpp; path = TalkNode.cpp; sourceTree = "<group>"; };
		B75ABA271C7BE1C400B9FFDE /* DialogueMode.cpp */ = {isa = PBXFileReference; fileEncoding = 4; lastKnownFileType = sourcecode.cpp.cpp; path = DialogueMode.cpp; sourceTree = "<group>"; };
		B75ABA281C7BE1C400B9FFDE /* DialogueMode.h */ = {isa = PBXFileReference; fileEncoding = 4; lastKnownFileType = sourcecode.c.h; path = DialogueMode.h; sourceTree = "<group>"; };
		B75B778F1C00723900122CCC /* StateStack.cpp */ = {isa = PBXFileReference; fileEncoding = 4; lastKnownFileType = sourcecode.cpp.cpp; path = StateStack.cpp; sourceTree = "<group>"; };
		B75B77901C00723900122CCC /* StateStack.h */ = {isa = PBXFileReference; fileEncoding = 4; lastKnownFileType = sourcecode.c.h; path = StateStack.h; sourceTree = "<group>"; };
		B75F862A1BACE0C60093B615 /* Character.cpp */ = {isa = PBXFileReference; fileEncoding = 4; lastKnownFileType = sourcecode.cpp.cpp; path = Character.cpp; sourceTree = "<group>"; };
		B75F862B1BACE0C60093B615 /* Character.h */ = {isa = PBXFileReference; fileEncoding = 4; lastKnownFileType = sourcecode.c.h; path = Character.h; sourceTree = "<group>"; };
		B75F862D1BACE0FB0093B615 /* Ability.cpp */ = {isa = PBXFileReference; fileEncoding = 4; lastKnownFileType = sourcecode.cpp.cpp; path = Ability.cpp; sourceTree = "<group>"; };
		B75F862E1BACE0FB0093B615 /* Ability.hpp */ = {isa = PBXFileReference; fileEncoding = 4; lastKnownFileType = sourcecode.cpp.h; path = Ability.hpp; sourceTree = "<group>"; };
		B7603A86210BD0B400B6B858 /* BuildingOutline2.png */ = {isa = PBXFileReference; lastKnownFileType = image.png; path = BuildingOutline2.png; sourceTree = "<group>"; };
		B7603A87210BD0B400B6B858 /* BuildingOutline3.png */ = {isa = PBXFileReference; lastKnownFileType = image.png; path = BuildingOutline3.png; sourceTree = "<group>"; };
		B7603A8A210D9D2400B6B858 /* Baker.png */ = {isa = PBXFileReference; lastKnownFileType = image.png; path = Baker.png; sourceTree = "<group>"; };
		B7603A8B210D9D2500B6B858 /* Drunk.png */ = {isa = PBXFileReference; lastKnownFileType = image.png; path = Drunk.png; sourceTree = "<group>"; };
		B7603A8C210D9D2500B6B858 /* Pirate.png */ = {isa = PBXFileReference; lastKnownFileType = image.png; path = Pirate.png; sourceTree = "<group>"; };
		B7603A8D210D9D2500B6B858 /* Kid.png */ = {isa = PBXFileReference; lastKnownFileType = image.png; path = Kid.png; sourceTree = "<group>"; };
		B7603A8E210D9D2500B6B858 /* Fisherman.png */ = {isa = PBXFileReference; lastKnownFileType = image.png; path = Fisherman.png; sourceTree = "<group>"; };
		B7635BEF20FF308200806279 /* PlayerWalkingDown2.png */ = {isa = PBXFileReference; lastKnownFileType = image.png; path = PlayerWalkingDown2.png; sourceTree = "<group>"; };
		B7635BF020FF308200806279 /* PlayerWalkingRight2.png */ = {isa = PBXFileReference; lastKnownFileType = image.png; path = PlayerWalkingRight2.png; sourceTree = "<group>"; };
		B7635BF120FF308300806279 /* PlayerWalkingUp2.png */ = {isa = PBXFileReference; lastKnownFileType = image.png; path = PlayerWalkingUp2.png; sourceTree = "<group>"; };
		B7635BF220FF308300806279 /* PlayerWalkingLeft2.png */ = {isa = PBXFileReference; lastKnownFileType = image.png; path = PlayerWalkingLeft2.png; sourceTree = "<group>"; };
		B76CFD8B2114342D00E63EE3 /* WavesSouth.png */ = {isa = PBXFileReference; lastKnownFileType = image.png; path = WavesSouth.png; sourceTree = "<group>"; };
		B76CFD8D2114FEDF00E63EE3 /* Docks.png */ = {isa = PBXFileReference; lastKnownFileType = image.png; path = Docks.png; sourceTree = "<group>"; };
		B76CFD8F21180CA100E63EE3 /* Point.png */ = {isa = PBXFileReference; lastKnownFileType = image.png; path = Point.png; sourceTree = "<group>"; };
		B76E02321D738EC90058D39E /* ResourcePath.hpp */ = {isa = PBXFileReference; fileEncoding = 4; lastKnownFileType = sourcecode.cpp.h; path = ResourcePath.hpp; sourceTree = "<group>"; };
		B76E02331D738EC90058D39E /* ResourcePath.mm */ = {isa = PBXFileReference; fileEncoding = 4; lastKnownFileType = sourcecode.cpp.objcpp; path = ResourcePath.mm; sourceTree = "<group>"; };
		B7701D821EF262EA006AB891 /* Conditions.hpp */ = {isa = PBXFileReference; fileEncoding = 4; lastKnownFileType = sourcecode.cpp.h; path = Conditions.hpp; sourceTree = "<group>"; };
		B7701D841EF4740D006AB891 /* Campfire.png */ = {isa = PBXFileReference; lastKnownFileType = image.png; path = Campfire.png; sourceTree = "<group>"; };
		B77783EF1AE5C57D007FA840 /* Overworld.app */ = {isa = PBXFileReference; explicitFileType = wrapper.application; includeInIndex = 0; path = Overworld.app; sourceTree = BUILT_PRODUCTS_DIR; };
		B77783F31AE5C57D007FA840 /* Overworld-Info.plist */ = {isa = PBXFileReference; lastKnownFileType = text.plist.xml; path = "Overworld-Info.plist"; sourceTree = "<group>"; };
		B77783F71AE5C57D007FA840 /* main.cpp */ = {isa = PBXFileReference; lastKnownFileType = sourcecode.cpp.cpp; path = main.cpp; sourceTree = "<group>"; };
		B77783FC1AE5C57D007FA840 /* nice_music.ogg */ = {isa = PBXFileReference; lastKnownFileType = file; path = nice_music.ogg; sourceTree = "<group>"; };
		B77783FE1AE5C57D007FA840 /* sansation.ttf */ = {isa = PBXFileReference; lastKnownFileType = file; path = sansation.ttf; sourceTree = "<group>"; };
		B77784001AE5C57D007FA840 /* icon.png */ = {isa = PBXFileReference; lastKnownFileType = image.png; path = icon.png; sourceTree = "<group>"; };
		B77784071AE5C84D007FA840 /* Game.cpp */ = {isa = PBXFileReference; fileEncoding = 4; lastKnownFileType = sourcecode.cpp.cpp; path = Game.cpp; sourceTree = "<group>"; usesTabs = 1; };
		B77784081AE5C84D007FA840 /* Game.h */ = {isa = PBXFileReference; fileEncoding = 4; lastKnownFileType = sourcecode.c.h; path = Game.h; sourceTree = "<group>"; usesTabs = 1; };
		B777840D1AE5D332007FA840 /* PrefixHeader.pch */ = {isa = PBXFileReference; lastKnownFileType = sourcecode.c.h; path = PrefixHeader.pch; sourceTree = "<group>"; };
		B77A1BDD206A3B3300CD87DF /* Statuses.cpp */ = {isa = PBXFileReference; lastKnownFileType = sourcecode.cpp.cpp; path = Statuses.cpp; sourceTree = "<group>"; };
		B77A1BDE206A3B3300CD87DF /* Statuses.hpp */ = {isa = PBXFileReference; lastKnownFileType = sourcecode.cpp.h; path = Statuses.hpp; sourceTree = "<group>"; };
		B77BE44A1BB5E03500F5645C /* Menu.cpp */ = {isa = PBXFileReference; fileEncoding = 4; lastKnownFileType = sourcecode.cpp.cpp; path = Menu.cpp; sourceTree = "<group>"; };
		B77F7EA9208E825C009FEE8A /* DialogueFactory.cpp */ = {isa = PBXFileReference; lastKnownFileType = sourcecode.cpp.cpp; path = DialogueFactory.cpp; sourceTree = "<group>"; };
		B77F7EAA208E825C009FEE8A /* DialogueFactory.hpp */ = {isa = PBXFileReference; lastKnownFileType = sourcecode.cpp.h; path = DialogueFactory.hpp; sourceTree = "<group>"; };
		B77F7EAC208EB677009FEE8A /* DialogueIDs.hpp */ = {isa = PBXFileReference; lastKnownFileType = sourcecode.cpp.h; path = DialogueIDs.hpp; sourceTree = "<group>"; };
		B78316FC20E6EA7400740527 /* PauseState.cpp */ = {isa = PBXFileReference; lastKnownFileType = sourcecode.cpp.cpp; path = PauseState.cpp; sourceTree = "<group>"; };
		B78316FD20E6EA7400740527 /* PauseState.hpp */ = {isa = PBXFileReference; lastKnownFileType = sourcecode.cpp.h; path = PauseState.hpp; sourceTree = "<group>"; };
		B78316FF20EC9C7100740527 /* BrickHouse.png */ = {isa = PBXFileReference; lastKnownFileType = image.png; path = BrickHouse.png; sourceTree = "<group>"; };
		B783170120EC9C7B00740527 /* DeadTree.png */ = {isa = PBXFileReference; lastKnownFileType = image.png; path = DeadTree.png; sourceTree = "<group>"; };
		B786FF1220E4BA8E00EAE1A0 /* SmallWheat.png */ = {isa = PBXFileReference; lastKnownFileType = image.png; path = SmallWheat.png; sourceTree = "<group>"; };
		B78873531F3D530E00E7C725 /* CharacterGenerator.cpp */ = {isa = PBXFileReference; fileEncoding = 4; lastKnownFileType = sourcecode.cpp.cpp; path = CharacterGenerator.cpp; sourceTree = "<group>"; };
		B78873541F3D530E00E7C725 /* CharacterGenerator.hpp */ = {isa = PBXFileReference; fileEncoding = 4; lastKnownFileType = sourcecode.cpp.h; path = CharacterGenerator.hpp; sourceTree = "<group>"; };
		B7942A92210A958A00BA2195 /* SalutingSoldier.png */ = {isa = PBXFileReference; lastKnownFileType = image.png; path = SalutingSoldier.png; sourceTree = "<group>"; };
		B7942A93210A958B00BA2195 /* TheColonel.png */ = {isa = PBXFileReference; lastKnownFileType = image.png; path = TheColonel.png; sourceTree = "<group>"; };
		B7942A94210A958B00BA2195 /* SittingSoldier.png */ = {isa = PBXFileReference; lastKnownFileType = image.png; path = SittingSoldier.png; sourceTree = "<group>"; };
		B797796D2044DBF7000870C2 /* AttackMode.cpp */ = {isa = PBXFileReference; lastKnownFileType = sourcecode.cpp.cpp; path = AttackMode.cpp; sourceTree = "<group>"; };
		B797796E2044DBF7000870C2 /* AttackMode.hpp */ = {isa = PBXFileReference; lastKnownFileType = sourcecode.cpp.h; path = AttackMode.hpp; sourceTree = "<group>"; };
		B79779732046762A000870C2 /* MapObject.cpp */ = {isa = PBXFileReference; fileEncoding = 4; lastKnownFileType = sourcecode.cpp.cpp; path = MapObject.cpp; sourceTree = "<group>"; };
		B797797520467632000870C2 /* MapObject.hpp */ = {isa = PBXFileReference; fileEncoding = 4; lastKnownFileType = sourcecode.cpp.h; path = MapObject.hpp; sourceTree = "<group>"; };
		B7977976204676D4000870C2 /* PlayerObject.cpp */ = {isa = PBXFileReference; fileEncoding = 4; lastKnownFileType = sourcecode.cpp.cpp; path = PlayerObject.cpp; sourceTree = "<group>"; };
		B7977977204676D4000870C2 /* PlayerObject.hpp */ = {isa = PBXFileReference; fileEncoding = 4; lastKnownFileType = sourcecode.cpp.h; path = PlayerObject.hpp; sourceTree = "<group>"; };
		B79AD8D61D4F128200B7C8F7 /* Start.cpp */ = {isa = PBXFileReference; fileEncoding = 4; indentWidth = 4; lastKnownFileType = sourcecode.cpp.cpp; path = Start.cpp; sourceTree = "<group>"; tabWidth = 4; usesTabs = 1; };
		B79AD8D71D4F128200B7C8F7 /* Start.h */ = {isa = PBXFileReference; fileEncoding = 4; lastKnownFileType = sourcecode.c.h; path = Start.h; sourceTree = "<group>"; };
		B79E29871BA0E1C80020BA93 /* RollingWheat.png */ = {isa = PBXFileReference; lastKnownFileType = image.png; path = RollingWheat.png; sourceTree = "<group>"; };
		B7A0D236209A886700098096 /* DPath.cpp */ = {isa = PBXFileReference; lastKnownFileType = sourcecode.cpp.cpp; path = DPath.cpp; sourceTree = "<group>"; };
		B7A0D237209A886700098096 /* DPath.hpp */ = {isa = PBXFileReference; lastKnownFileType = sourcecode.cpp.h; path = DPath.hpp; sourceTree = "<group>"; };
		B7A0D239209BC3EF00098096 /* pond.png */ = {isa = PBXFileReference; lastKnownFileType = image.png; path = pond.png; sourceTree = "<group>"; };
		B7A1EB391EDA9F5100667423 /* Yak.png */ = {isa = PBXFileReference; lastKnownFileType = image.png; path = Yak.png; sourceTree = "<group>"; };
		B7A26C0D1C8061A50083989B /* Trigger.cpp */ = {isa = PBXFileReference; fileEncoding = 4; lastKnownFileType = sourcecode.cpp.cpp; path = Trigger.cpp; sourceTree = "<group>"; };
		B7A26C0E1C8061A50083989B /* Trigger.h */ = {isa = PBXFileReference; fileEncoding = 4; lastKnownFileType = sourcecode.c.h; path = Trigger.h; sourceTree = "<group>"; };
		B7A26C101C8070370083989B /* ZoneExit.cpp */ = {isa = PBXFileReference; fileEncoding = 4; lastKnownFileType = sourcecode.cpp.cpp; path = ZoneExit.cpp; sourceTree = "<group>"; };
		B7A26C111C8070370083989B /* ZoneExit.h */ = {isa = PBXFileReference; fileEncoding = 4; lastKnownFileType = sourcecode.c.h; path = ZoneExit.h; sourceTree = "<group>"; };
		B7A58FD420A2D0030002A47F /* AbilityOption.cpp */ = {isa = PBXFileReference; lastKnownFileType = sourcecode.cpp.cpp; path = AbilityOption.cpp; sourceTree = "<group>"; };
		B7A58FD520A2D0030002A47F /* AbilityOption.hpp */ = {isa = PBXFileReference; lastKnownFileType = sourcecode.cpp.h; path = AbilityOption.hpp; sourceTree = "<group>"; };
		B7AA2BB020F33A41003B1F42 /* BeachSouth.cpp */ = {isa = PBXFileReference; lastKnownFileType = sourcecode.cpp.cpp; path = BeachSouth.cpp; sourceTree = "<group>"; };
		B7AA2BB120F33A41003B1F42 /* BeachSouth.hpp */ = {isa = PBXFileReference; lastKnownFileType = sourcecode.cpp.h; path = BeachSouth.hpp; sourceTree = "<group>"; };
		B7AA2BB320F33B88003B1F42 /* TownSouth.cpp */ = {isa = PBXFileReference; lastKnownFileType = sourcecode.cpp.cpp; path = TownSouth.cpp; sourceTree = "<group>"; };
		B7AA2BB420F33B88003B1F42 /* TownSouth.hpp */ = {isa = PBXFileReference; lastKnownFileType = sourcecode.cpp.h; path = TownSouth.hpp; sourceTree = "<group>"; };
		B7AA2BB620F33DAB003B1F42 /* LighthouseCoast.cpp */ = {isa = PBXFileReference; lastKnownFileType = sourcecode.cpp.cpp; path = LighthouseCoast.cpp; sourceTree = "<group>"; };
		B7AA2BB720F33DAB003B1F42 /* LighthouseCoast.hpp */ = {isa = PBXFileReference; lastKnownFileType = sourcecode.cpp.h; path = LighthouseCoast.hpp; sourceTree = "<group>"; };
		B7B2778C1EE3E3470051D7C4 /* WalkingAnimation.cpp */ = {isa = PBXFileReference; fileEncoding = 4; lastKnownFileType = sourcecode.cpp.cpp; path = WalkingAnimation.cpp; sourceTree = "<group>"; };
		B7B2778D1EE3E3470051D7C4 /* WalkingAnimation.hpp */ = {isa = PBXFileReference; fileEncoding = 4; lastKnownFileType = sourcecode.cpp.h; path = WalkingAnimation.hpp; sourceTree = "<group>"; };
		B7BE058220B938D8008D6537 /* bush.png */ = {isa = PBXFileReference; lastKnownFileType = image.png; path = bush.png; sourceTree = "<group>"; };
		B7C00F1D20F95A36006CEEA4 /* DialogueBar.png */ = {isa = PBXFileReference; lastKnownFileType = image.png; path = DialogueBar.png; sourceTree = "<group>"; };
		B7C3E67F212D4330004F9A73 /* SittingSoldierBig.png */ = {isa = PBXFileReference; lastKnownFileType = image.png; path = SittingSoldierBig.png; sourceTree = "<group>"; };
		B7C7948B212B967600551E2F /* BuildingOutline8.png */ = {isa = PBXFileReference; lastKnownFileType = image.png; path = BuildingOutline8.png; sourceTree = "<group>"; };
		B7C9F37F1E6235D300E7A045 /* Fade.cpp */ = {isa = PBXFileReference; fileEncoding = 4; lastKnownFileType = sourcecode.cpp.cpp; path = Fade.cpp; sourceTree = "<group>"; };
		B7C9F3801E6235D300E7A045 /* Fade.hpp */ = {isa = PBXFileReference; fileEncoding = 4; lastKnownFileType = sourcecode.cpp.h; path = Fade.hpp; sourceTree = "<group>"; };
		B7CCC8652130DFCD00CC6533 /* Shed.png */ = {isa = PBXFileReference; lastKnownFileType = image.png; path = Shed.png; sourceTree = "<group>"; };
		B7CCC8672132783800CC6533 /* ListeningManAnim.png */ = {isa = PBXFileReference; lastKnownFileType = image.png; path = ListeningManAnim.png; sourceTree = "<group>"; };
		B7CCC8682132783800CC6533 /* ColonelAnim.png */ = {isa = PBXFileReference; lastKnownFileType = image.png; path = ColonelAnim.png; sourceTree = "<group>"; };
		B7CEB32E212E012A00E072D5 /* Garden.png */ = {isa = PBXFileReference; lastKnownFileType = image.png; path = Garden.png; sourceTree = "<group>"; };
		B7D17D141E4E958300D71290 /* PlayerWalkingLeft.png */ = {isa = PBXFileReference; lastKnownFileType = image.png; path = PlayerWalkingLeft.png; sourceTree = "<group>"; };
		B7D17D191E512CDC00D71290 /* LoadState.cpp */ = {isa = PBXFileReference; fileEncoding = 4; lastKnownFileType = sourcecode.cpp.cpp; path = LoadState.cpp; sourceTree = "<group>"; };
		B7D17D1A1E512CDC00D71290 /* LoadState.hpp */ = {isa = PBXFileReference; fileEncoding = 4; lastKnownFileType = sourcecode.cpp.h; path = LoadState.hpp; sourceTree = "<group>"; };
		B7DAA36A210272B700DF1E7C /* AnimationSheet.cpp */ = {isa = PBXFileReference; lastKnownFileType = sourcecode.cpp.cpp; path = AnimationSheet.cpp; sourceTree = "<group>"; };
		B7DAA36B210272B700DF1E7C /* AnimationSheet.hpp */ = {isa = PBXFileReference; lastKnownFileType = sourcecode.cpp.h; path = AnimationSheet.hpp; sourceTree = "<group>"; };
		B7DAA36D210288D200DF1E7C /* GetKilled.png */ = {isa = PBXFileReference; lastKnownFileType = image.png; path = GetKilled.png; sourceTree = "<group>"; };
		B7DAA36F210288D800DF1E7C /* BasicDead.png */ = {isa = PBXFileReference; lastKnownFileType = image.png; path = BasicDead.png; sourceTree = "<group>"; };
		B7DAD36121293E52002E7000 /* BuildingOutline7.png */ = {isa = PBXFileReference; lastKnownFileType = image.png; path = BuildingOutline7.png; sourceTree = "<group>"; };
		B7DAD363212A23D3002E7000 /* BoothAnimation.png */ = {isa = PBXFileReference; lastKnownFileType = image.png; path = BoothAnimation.png; sourceTree = "<group>"; };
		B7DD37431C35DFFC0089224E /* BattleState.cpp */ = {isa = PBXFileReference; fileEncoding = 4; lastKnownFileType = sourcecode.cpp.cpp; path = BattleState.cpp; sourceTree = "<group>"; };
		B7DD37441C35DFFC0089224E /* BattleState.h */ = {isa = PBXFileReference; fileEncoding = 4; lastKnownFileType = sourcecode.c.h; path = BattleState.h; sourceTree = "<group>"; };
		B7DEE727207F2AAD00B1B97C /* MapFactory.cpp */ = {isa = PBXFileReference; lastKnownFileType = sourcecode.cpp.cpp; path = MapFactory.cpp; sourceTree = "<group>"; };
		B7DEE728207F2AAD00B1B97C /* MapFactory.hpp */ = {isa = PBXFileReference; lastKnownFileType = sourcecode.cpp.h; path = MapFactory.hpp; sourceTree = "<group>"; };
		B7E5DD481AE879C800E6EA3F /* OverworldMode.cpp */ = {isa = PBXFileReference; fileEncoding = 4; lastKnownFileType = sourcecode.cpp.cpp; path = OverworldMode.cpp; sourceTree = "<group>"; usesTabs = 1; };
		B7E5DD491AE879C800E6EA3F /* OverworldMode.h */ = {isa = PBXFileReference; fileEncoding = 4; lastKnownFileType = sourcecode.c.h; path = OverworldMode.h; sourceTree = "<group>"; usesTabs = 1; };
		B7E99BD920B7817800FABB99 /* BeachWest.cpp */ = {isa = PBXFileReference; lastKnownFileType = sourcecode.cpp.cpp; path = BeachWest.cpp; sourceTree = "<group>"; };
		B7E99BDA20B7817800FABB99 /* BeachWest.hpp */ = {isa = PBXFileReference; lastKnownFileType = sourcecode.cpp.h; path = BeachWest.hpp; sourceTree = "<group>"; };
		B7EE61612071DEAD00AA376E /* BattleEndMode.cpp */ = {isa = PBXFileReference; lastKnownFileType = sourcecode.cpp.cpp; path = BattleEndMode.cpp; sourceTree = "<group>"; };
		B7EE61622071DEAD00AA376E /* BattleEndMode.hpp */ = {isa = PBXFileReference; lastKnownFileType = sourcecode.cpp.h; path = BattleEndMode.hpp; sourceTree = "<group>"; };
		B7EF1BC320D246DE00CFD04E /* WavesWest.png */ = {isa = PBXFileReference; lastKnownFileType = image.png; path = WavesWest.png; sourceTree = "<group>"; };
		B7F96FD81FFCD21B00FAB91B /* BattleAction.cpp */ = {isa = PBXFileReference; lastKnownFileType = sourcecode.cpp.cpp; path = BattleAction.cpp; sourceTree = "<group>"; };
		B7F96FD91FFCD21B00FAB91B /* BattleAction.hpp */ = {isa = PBXFileReference; lastKnownFileType = sourcecode.cpp.h; path = BattleAction.hpp; sourceTree = "<group>"; };
/* End PBXFileReference section */

/* Begin PBXFrameworksBuildPhase section */
		B77783EB1AE5C57D007FA840 /* Frameworks */ = {
			isa = PBXFrameworksBuildPhase;
			buildActionMask = 2147483647;
			files = (
			);
			runOnlyForDeploymentPostprocessing = 0;
		};
/* End PBXFrameworksBuildPhase section */

/* Begin PBXGroup section */
		B7396FAA20F017E10095DDB5 /* Fonts */ = {
			isa = PBXGroup;
			children = (
				B7396FA820F017D40095DDB5 /* Bramble.ttf */,
				B77783FE1AE5C57D007FA840 /* sansation.ttf */,
			);
			name = Fonts;
			sourceTree = "<group>";
		};
		B7396FAB20F017F20095DDB5 /* Audio */ = {
			isa = PBXGroup;
			children = (
				B77783FC1AE5C57D007FA840 /* nice_music.ogg */,
			);
			name = Audio;
			sourceTree = "<group>";
		};
		B7396FAC20F018120095DDB5 /* Textures */ = {
			isa = PBXGroup;
			children = (
				B7396FAD20F0183D0095DDB5 /* Backgrounds */,
				B7023E121BB61A43005A6F93 /* BadAttackAnimation.png */,
				B7603A8A210D9D2400B6B858 /* Baker.png */,
				B7DAA36F210288D800DF1E7C /* BasicDead.png */,
				B76CFD8F21180CA100E63EE3 /* Point.png */,
				B7023E141BB61A4A005A6F93 /* BasicIdle.png */,
				B743EDA020FECCFF006DE82D /* BikiniBabe.png */,
				B76CFD8D2114FEDF00E63EE3 /* Docks.png */,
				B706A6D9211280DC009DC84D /* Booth.png */,
				B78316FF20EC9C7100740527 /* BrickHouse.png */,
				B76CFD8B2114342D00E63EE3 /* WavesSouth.png */,
				B7603A86210BD0B400B6B858 /* BuildingOutline2.png */,
				B7603A87210BD0B400B6B858 /* BuildingOutline3.png */,
				B706A6CF211191EB009DC84D /* BuildingOutline4.png */,
				B706A6D121119D70009DC84D /* BuildingOutline5.png */,
				B706A6D4211253AA009DC84D /* BuildingOutline6.png */,
				B7DAD36121293E52002E7000 /* BuildingOutline7.png */,
				B7C7948B212B967600551E2F /* BuildingOutline8.png */,
				B7CCC8682132783800CC6533 /* ColonelAnim.png */,
				B7CCC8672132783800CC6533 /* ListeningManAnim.png */,
				B706A6D7211262FC009DC84D /* Fountain.png */,
				B7BE058220B938D8008D6537 /* bush.png */,
				B7DAD363212A23D3002E7000 /* BoothAnimation.png */,
				B7701D841EF4740D006AB891 /* Campfire.png */,
				B706A6D3211253AA009DC84D /* Clocktower.png */,
				B783170120EC9C7B00740527 /* DeadTree.png */,
				B7C00F1D20F95A36006CEEA4 /* DialogueBar.png */,
				B7603A8B210D9D2500B6B858 /* Drunk.png */,
				B7603A8E210D9D2500B6B858 /* Fisherman.png */,
				B7CEB32E212E012A00E072D5 /* Garden.png */,
				B7CCC8652130DFCD00CC6533 /* Shed.png */,
				B7023E101BB61A36005A6F93 /* GetHitAnimation.png */,
				B7DAA36D210288D200DF1E7C /* GetKilled.png */,
				B77784001AE5C57D007FA840 /* icon.png */,
				B7603A8D210D9D2500B6B858 /* Kid.png */,
				B7215CE62107FEE000D7A6B6 /* Lighthouse.png */,
				B7603A8C210D9D2500B6B858 /* Pirate.png */,
				B73F35011E4B095B007EC4AC /* PlayerWalkingDown.png */,
				B7635BEF20FF308200806279 /* PlayerWalkingDown2.png */,
				B7D17D141E4E958300D71290 /* PlayerWalkingLeft.png */,
				B7635BF220FF308300806279 /* PlayerWalkingLeft2.png */,
				B73F35031E4B0963007EC4AC /* PlayerWalkingRight.png */,
				B7635BF020FF308200806279 /* PlayerWalkingRight2.png */,
				B73F35051E4B096D007EC4AC /* PlayerWalkingUp.png */,
				B7635BF120FF308300806279 /* PlayerWalkingUp2.png */,
				B7A0D239209BC3EF00098096 /* pond.png */,
				B79E29871BA0E1C80020BA93 /* RollingWheat.png */,
				B7942A92210A958A00BA2195 /* SalutingSoldier.png */,
				B7439C191ECA6D8C00724D0B /* Scarecrow.png */,
				B7942A94210A958B00BA2195 /* SittingSoldier.png */,
				B786FF1220E4BA8E00EAE1A0 /* SmallWheat.png */,
				B7C3E67F212D4330004F9A73 /* SittingSoldierBig.png */,
				B747A9F721085AD6007F29EC /* StoreOutline.png */,
				B7942A93210A958B00BA2195 /* TheColonel.png */,
				B742133E1E3836F300090D95 /* tree.png */,
				B7EF1BC320D246DE00CFD04E /* WavesWest.png */,
				B7A1EB391EDA9F5100667423 /* Yak.png */,
			);
			name = Textures;
			sourceTree = "<group>";
		};
		B7396FAD20F0183D0095DDB5 /* Backgrounds */ = {
			isa = PBXGroup;
			children = (
				B7396FB220F036EB0095DDB5 /* BeachNorth.png */,
				B7396FB920F036EB0095DDB5 /* BeachSouth.png */,
				B7396FAF20F036EB0095DDB5 /* BeachWest.png */,
				B7396FB520F036EB0095DDB5 /* Forest.png */,
				B7396FBA20F036EB0095DDB5 /* LighthouseCoast.png */,
				B7396FB820F036EB0095DDB5 /* MountainEast.png */,
				B7396FB120F036EB0095DDB5 /* MountainSouth.png */,
				B7396FB720F036EB0095DDB5 /* MountainWest.png */,
				B7396FB320F036EB0095DDB5 /* SouthOfStart.png */,
				B7396FB020F036EB0095DDB5 /* Start.png */,
				B7396FB420F036EB0095DDB5 /* Swamp.png */,
				B7396FAE20F036EB0095DDB5 /* TownEast.png */,
				B7396FB620F036EB0095DDB5 /* TownSouth.png */,
			);
			name = Backgrounds;
			sourceTree = "<group>";
		};
		B7396FC820F047950095DDB5 /* Maps */ = {
			isa = PBXGroup;
			children = (
				B7396FCA20F059540095DDB5 /* MountainWest.hpp */,
				B7396FC920F059540095DDB5 /* MountainWest.cpp */,
				B7396FCD20F099CF0095DDB5 /* MountainEast.hpp */,
				B7396FCC20F099CF0095DDB5 /* MountainEast.cpp */,
				B74213411E384C7F00090D95 /* BeachNorth.hpp */,
				B74213401E384C7F00090D95 /* BeachNorth.cpp */,
				B7396FD020F09DE10095DDB5 /* MountainSouth.hpp */,
				B7396FCF20F09DE10095DDB5 /* MountainSouth.cpp */,
				B7396FD320F158FF0095DDB5 /* TownEast.hpp */,
				B7396FD220F158FF0095DDB5 /* TownEast.cpp */,
				B7E99BDA20B7817800FABB99 /* BeachWest.hpp */,
				B7E99BD920B7817800FABB99 /* BeachWest.cpp */,
				B79AD8D71D4F128200B7C8F7 /* Start.h */,
				B79AD8D61D4F128200B7C8F7 /* Start.cpp */,
				B7396FD620F15AF50095DDB5 /* SouthOfStart.hpp */,
				B7396FD520F15AF50095DDB5 /* SouthOfStart.cpp */,
				B7396FD920F15FF20095DDB5 /* Forest.hpp */,
				B7396FD820F15FF20095DDB5 /* Forest.cpp */,
				B7396FDC20F162C70095DDB5 /* Swamp.hpp */,
				B7396FDB20F162C70095DDB5 /* Swamp.cpp */,
				B7AA2BB120F33A41003B1F42 /* BeachSouth.hpp */,
				B7AA2BB020F33A41003B1F42 /* BeachSouth.cpp */,
				B7AA2BB420F33B88003B1F42 /* TownSouth.hpp */,
				B7AA2BB320F33B88003B1F42 /* TownSouth.cpp */,
				B7AA2BB720F33DAB003B1F42 /* LighthouseCoast.hpp */,
				B7AA2BB620F33DAB003B1F42 /* LighthouseCoast.cpp */,
			);
			name = Maps;
			sourceTree = "<group>";
		};
		B7439C1B1ECB8D0400724D0B /* SpriteGuts */ = {
			isa = PBXGroup;
			children = (
				B7439C1D1ECB8DED00724D0B /* GraphicsComponent.hpp */,
				B7439C1C1ECB8DED00724D0B /* GraphicsComponent.cpp */,
				B7439C201ECB8F2E00724D0B /* AnimatedComponent.hpp */,
				B7439C1F1ECB8F2D00724D0B /* AnimatedComponent.cpp */,
				B7439C231ECB983900724D0B /* DelayedAnimation.hpp */,
				B7439C221ECB983900724D0B /* DelayedAnimation.cpp */,
				B7B2778D1EE3E3470051D7C4 /* WalkingAnimation.hpp */,
				B7B2778C1EE3E3470051D7C4 /* WalkingAnimation.cpp */,
			);
			name = SpriteGuts;
			sourceTree = "<group>";
		};
		B75F86301BACE2380093B615 /* BattleMode */ = {
			isa = PBXGroup;
			children = (
				B7DD37441C35DFFC0089224E /* BattleState.h */,
				B7DD37431C35DFFC0089224E /* BattleState.cpp */,
				B7262BCD2001A57E00989D70 /* MenuMode.hpp */,
				B7262BCC2001A57E00989D70 /* MenuMode.cpp */,
				B7262BD32001B48D00989D70 /* MenuOption.hpp */,
				B7262BD22001B48D00989D70 /* MenuOption.cpp */,
				B7A58FD520A2D0030002A47F /* AbilityOption.hpp */,
				B7A58FD420A2D0030002A47F /* AbilityOption.cpp */,
				B7262BD620035BBC00989D70 /* Menu.hpp */,
				B77BE44A1BB5E03500F5645C /* Menu.cpp */,
				B797796E2044DBF7000870C2 /* AttackMode.hpp */,
				B797796D2044DBF7000870C2 /* AttackMode.cpp */,
				B7EE61622071DEAD00AA376E /* BattleEndMode.hpp */,
				B7EE61612071DEAD00AA376E /* BattleEndMode.cpp */,
				B75F862B1BACE0C60093B615 /* Character.h */,
				B75F862A1BACE0C60093B615 /* Character.cpp */,
				B7DAA36B210272B700DF1E7C /* AnimationSheet.hpp */,
				B7DAA36A210272B700DF1E7C /* AnimationSheet.cpp */,
				B74A245120F6BC0100F9F331 /* BattleAI.hpp */,
				B74A245020F6BC0100F9F331 /* BattleAI.cpp */,
				B73D2DCB2060C44600E23998 /* StatusEffect.hpp */,
				B73D2DCA2060C44600E23998 /* StatusEffect.cpp */,
				B77A1BDE206A3B3300CD87DF /* Statuses.hpp */,
				B77A1BDD206A3B3300CD87DF /* Statuses.cpp */,
				B75F862E1BACE0FB0093B615 /* Ability.hpp */,
				B75F862D1BACE0FB0093B615 /* Ability.cpp */,
				B70D18DC20284340000B3584 /* BattleInfo.hpp */,
				B70D18DB20284340000B3584 /* BattleInfo.cpp */,
				B7F96FD91FFCD21B00FAB91B /* BattleAction.hpp */,
				B7F96FD81FFCD21B00FAB91B /* BattleAction.cpp */,
			);
			name = BattleMode;
			sourceTree = "<group>";
		};
		B770E8381C75214E00F0A688 /* Utility */ = {
			isa = PBXGroup;
			children = (
				B76E02321D738EC90058D39E /* ResourcePath.hpp */,
				B76E02331D738EC90058D39E /* ResourcePath.mm */,
				B75ABA181C7BD7DA00B9FFDE /* IterVector.hpp */,
				B75ABA191C7BD7DA00B9FFDE /* IterVector.inl */,
				B742D6F81C1292EA0093C785 /* ResourceHolder.h */,
				B742D6F71C1292EA0093C785 /* ResourceHolder.cpp */,
				B777840D1AE5D332007FA840 /* PrefixHeader.pch */,
			);
			name = Utility;
			sourceTree = "<group>";
		};
		B77783E51AE5C57D007FA840 = {
			isa = PBXGroup;
			children = (
				B77783F11AE5C57D007FA840 /* Overworld */,
				B77783F01AE5C57D007FA840 /* Products */,
			);
			sourceTree = "<group>";
		};
		B77783F01AE5C57D007FA840 /* Products */ = {
			isa = PBXGroup;
			children = (
				B77783EF1AE5C57D007FA840 /* Overworld.app */,
			);
			name = Products;
			sourceTree = "<group>";
		};
		B77783F11AE5C57D007FA840 /* Overworld */ = {
			isa = PBXGroup;
			children = (
				B77783F71AE5C57D007FA840 /* main.cpp */,
				B77784081AE5C84D007FA840 /* Game.h */,
				B77784071AE5C84D007FA840 /* Game.cpp */,
				B706F0771BFFE59700C95D49 /* State.h */,
				B706F0761BFFE59700C95D49 /* State.cpp */,
				B7034DA51E7298C3007288A6 /* Mode.hpp */,
				B7034DA41E7298C3007288A6 /* Mode.cpp */,
				B7D17D1A1E512CDC00D71290 /* LoadState.hpp */,
				B7D17D191E512CDC00D71290 /* LoadState.cpp */,
				B78316FD20E6EA7400740527 /* PauseState.hpp */,
				B78316FC20E6EA7400740527 /* PauseState.cpp */,
				B75B77901C00723900122CCC /* StateStack.h */,
				B75B778F1C00723900122CCC /* StateStack.cpp */,
				B770E8381C75214E00F0A688 /* Utility */,
				B78FB2961BF950FE008A435F /* DialogueMode */,
				B78FB2951BF950ED008A435F /* OverworldMode */,
				B75F86301BACE2380093B615 /* BattleMode */,
				B77783F91AE5C57D007FA840 /* Resources */,
				B77783F21AE5C57D007FA840 /* Supporting Files */,
			);
			path = Overworld;
			sourceTree = "<group>";
		};
		B77783F21AE5C57D007FA840 /* Supporting Files */ = {
			isa = PBXGroup;
			children = (
				B77783F31AE5C57D007FA840 /* Overworld-Info.plist */,
			);
			name = "Supporting Files";
			sourceTree = "<group>";
		};
		B77783F91AE5C57D007FA840 /* Resources */ = {
			isa = PBXGroup;
			children = (
				B7396FAC20F018120095DDB5 /* Textures */,
				B7396FAB20F017F20095DDB5 /* Audio */,
				B7396FAA20F017E10095DDB5 /* Fonts */,
			);
			name = Resources;
			sourceTree = "<group>";
		};
		B78FB2951BF950ED008A435F /* OverworldMode */ = {
			isa = PBXGroup;
			children = (
				B7E5DD491AE879C800E6EA3F /* OverworldMode.h */,
				B7E5DD481AE879C800E6EA3F /* OverworldMode.cpp */,
				B7C9F3801E6235D300E7A045 /* Fade.hpp */,
				B7C9F37F1E6235D300E7A045 /* Fade.cpp */,
				B7408AC120B3EE4A00CADF12 /* BlinkFade.hpp */,
				B7408AC020B3EE4A00CADF12 /* BlinkFade.cpp */,
				B7A26C0E1C8061A50083989B /* Trigger.h */,
				B7A26C0D1C8061A50083989B /* Trigger.cpp */,
				B7A26C111C8070370083989B /* ZoneExit.h */,
				B7A26C101C8070370083989B /* ZoneExit.cpp */,
				B7439C1B1ECB8D0400724D0B /* SpriteGuts */,
				B79AD8D51D4F11EE00B7C8F7 /* MapStuff */,
			);
			name = OverworldMode;
			sourceTree = "<group>";
		};
		B78FB2961BF950FE008A435F /* DialogueMode */ = {
			isa = PBXGroup;
			children = (
				B75ABA281C7BE1C400B9FFDE /* DialogueMode.h */,
				B75ABA271C7BE1C400B9FFDE /* DialogueMode.cpp */,
				B7701D821EF262EA006AB891 /* Conditions.hpp */,
				B77F7EAC208EB677009FEE8A /* DialogueIDs.hpp */,
				B77F7EAA208E825C009FEE8A /* DialogueFactory.hpp */,
				B77F7EA9208E825C009FEE8A /* DialogueFactory.cpp */,
				B75ABA1B1C7BD81D00B9FFDE /* DNode.h */,
				B75ABA1C1C7BD81D00B9FFDE /* DNode.cpp */,
				B7A0D237209A886700098096 /* DPath.hpp */,
				B7A0D236209A886700098096 /* DPath.cpp */,
				B75ABA1F1C7BD81D00B9FFDE /* TalkNode.h */,
				B75ABA201C7BD81D00B9FFDE /* TalkNode.cpp */,
				B75ABA1D1C7BD81D00B9FFDE /* OptionNode.h */,
				B75ABA1E1C7BD81D00B9FFDE /* OptionNode.cpp */,
			);
			name = DialogueMode;
			sourceTree = "<group>";
		};
		B79AD8D51D4F11EE00B7C8F7 /* MapStuff */ = {
			isa = PBXGroup;
			children = (
				B7396FC820F047950095DDB5 /* Maps */,
				B73219211B2111D000C41162 /* MapSection.h */,
				B73219201B2111D000C41162 /* MapSection.cpp */,
				B7DEE728207F2AAD00B1B97C /* MapFactory.hpp */,
				B7DEE727207F2AAD00B1B97C /* MapFactory.cpp */,
				B797797520467632000870C2 /* MapObject.hpp */,
				B79779732046762A000870C2 /* MapObject.cpp */,
				B7977977204676D4000870C2 /* PlayerObject.hpp */,
				B7977976204676D4000870C2 /* PlayerObject.cpp */,
				B78873541F3D530E00E7C725 /* CharacterGenerator.hpp */,
				B78873531F3D530E00E7C725 /* CharacterGenerator.cpp */,
			);
			name = MapStuff;
			sourceTree = "<group>";
		};
/* End PBXGroup section */

/* Begin PBXNativeTarget section */
		B77783EE1AE5C57D007FA840 /* Overworld */ = {
			isa = PBXNativeTarget;
			buildConfigurationList = B77784041AE5C57D007FA840 /* Build configuration list for PBXNativeTarget "Overworld" */;
			buildPhases = (
				B77783EA1AE5C57D007FA840 /* Sources */,
				B77783EB1AE5C57D007FA840 /* Frameworks */,
				B77783EC1AE5C57D007FA840 /* Resources */,
				B77783ED1AE5C57D007FA840 /* ShellScript */,
			);
			buildRules = (
			);
			dependencies = (
			);
			name = Overworld;
			productName = Overworld;
			productReference = B77783EF1AE5C57D007FA840 /* Overworld.app */;
			productType = "com.apple.product-type.application";
		};
/* End PBXNativeTarget section */

/* Begin PBXProject section */
		B77783E61AE5C57D007FA840 /* Project object */ = {
			isa = PBXProject;
			attributes = {
				LastUpgradeCheck = 0620;
				ORGANIZATIONNAME = Noah;
				TargetAttributes = {
					B77783EE1AE5C57D007FA840 = {
						CreatedOnToolsVersion = 6.2;
					};
				};
			};
			buildConfigurationList = B77783E91AE5C57D007FA840 /* Build configuration list for PBXProject "Overworld" */;
			compatibilityVersion = "Xcode 3.2";
			developmentRegion = English;
			hasScannedForEncodings = 0;
			knownRegions = (
				en,
			);
			mainGroup = B77783E51AE5C57D007FA840;
			productRefGroup = B77783F01AE5C57D007FA840 /* Products */;
			projectDirPath = "";
			projectRoot = "";
			targets = (
				B77783EE1AE5C57D007FA840 /* Overworld */,
			);
		};
/* End PBXProject section */

/* Begin PBXResourcesBuildPhase section */
		B77783EC1AE5C57D007FA840 /* Resources */ = {
			isa = PBXResourcesBuildPhase;
			buildActionMask = 2147483647;
			files = (
				B7701D831EF262EA006AB891 /* Conditions.hpp in Resources */,
				B76CFD8C2114342D00E63EE3 /* WavesSouth.png in Resources */,
				B76CFD8E2114FEDF00E63EE3 /* Docks.png in Resources */,
				B7DAA370210288D800DF1E7C /* BasicDead.png in Resources */,
				B7CCC8662130DFCD00CC6533 /* Shed.png in Resources */,
				B7396FBB20F036EB0095DDB5 /* TownEast.png in Resources */,
				B7603A88210BD0B400B6B858 /* BuildingOutline2.png in Resources */,
				B7BE058320B938D8008D6537 /* bush.png in Resources */,
				B77F7EAD208EB677009FEE8A /* DialogueIDs.hpp in Resources */,
				B7603A92210D9D2500B6B858 /* Kid.png in Resources */,
				B7439C1A1ECA6D8C00724D0B /* Scarecrow.png in Resources */,
				B783170020EC9C7100740527 /* BrickHouse.png in Resources */,
				B786FF1320E4BA8E00EAE1A0 /* SmallWheat.png in Resources */,
				B7396FC720F036EB0095DDB5 /* LighthouseCoast.png in Resources */,
				B706A6D6211253AA009DC84D /* BuildingOutline6.png in Resources */,
				B7CEB32F212E012B00E072D5 /* Garden.png in Resources */,
				B7023E131BB61A43005A6F93 /* BadAttackAnimation.png in Resources */,
				B7635BF320FF308300806279 /* PlayerWalkingDown2.png in Resources */,
				B7C00F1E20F95A36006CEEA4 /* DialogueBar.png in Resources */,
				B77784011AE5C57D007FA840 /* icon.png in Resources */,
				B76CFD9021180CA100E63EE3 /* Point.png in Resources */,
				B7215CE72107FEE000D7A6B6 /* Lighthouse.png in Resources */,
				B7396FC420F036EB0095DDB5 /* MountainWest.png in Resources */,
				B73F35061E4B096D007EC4AC /* PlayerWalkingUp.png in Resources */,
				B783170220EC9C7B00740527 /* DeadTree.png in Resources */,
				B73F35021E4B095B007EC4AC /* PlayerWalkingDown.png in Resources */,
				B747A9F821085AD6007F29EC /* StoreOutline.png in Resources */,
				B7603A90210D9D2500B6B858 /* Drunk.png in Resources */,
				B75ABA1A1C7BD7DA00B9FFDE /* IterVector.inl in Resources */,
				B7603A93210D9D2500B6B858 /* Fisherman.png in Resources */,
				B7942A95210A958B00BA2195 /* SalutingSoldier.png in Resources */,
				B7396FBF20F036EB0095DDB5 /* BeachNorth.png in Resources */,
				B7023E151BB61A4A005A6F93 /* BasicIdle.png in Resources */,
				B7DAD364212A23D3002E7000 /* BoothAnimation.png in Resources */,
				B7023E111BB61A36005A6F93 /* GetHitAnimation.png in Resources */,
				B7603A8F210D9D2500B6B858 /* Baker.png in Resources */,
				B7635BF420FF308300806279 /* PlayerWalkingRight2.png in Resources */,
				B77783FF1AE5C57D007FA840 /* sansation.ttf in Resources */,
				B73F35041E4B0963007EC4AC /* PlayerWalkingRight.png in Resources */,
				B7DAD36221293E52002E7000 /* BuildingOutline7.png in Resources */,
				B7396FBE20F036EB0095DDB5 /* MountainSouth.png in Resources */,
				B7396FC620F036EB0095DDB5 /* BeachSouth.png in Resources */,
				B7CCC86A2132783800CC6533 /* ColonelAnim.png in Resources */,
				B7396FC520F036EB0095DDB5 /* MountainEast.png in Resources */,
				B7EF1BC420D246DE00CFD04E /* WavesWest.png in Resources */,
				B706A6D5211253AA009DC84D /* Clocktower.png in Resources */,
				B7396FBD20F036EB0095DDB5 /* Start.png in Resources */,
				B7701D851EF4740D006AB891 /* Campfire.png in Resources */,
				B7942A97210A958B00BA2195 /* SittingSoldier.png in Resources */,
				B7396FA920F017D40095DDB5 /* Bramble.ttf in Resources */,
				B7C7948C212B967700551E2F /* BuildingOutline8.png in Resources */,
				B706A6D0211191EB009DC84D /* BuildingOutline4.png in Resources */,
				B79E29881BA0E1C80020BA93 /* RollingWheat.png in Resources */,
				B7396FC020F036EB0095DDB5 /* SouthOfStart.png in Resources */,
				B743EDA120FECCFF006DE82D /* BikiniBabe.png in Resources */,
				B7396FC120F036EB0095DDB5 /* Swamp.png in Resources */,
				B7396FBC20F036EB0095DDB5 /* BeachWest.png in Resources */,
				B7635BF520FF308300806279 /* PlayerWalkingUp2.png in Resources */,
				B7942A96210A958B00BA2195 /* TheColonel.png in Resources */,
				B7603A89210BD0B400B6B858 /* BuildingOutline3.png in Resources */,
				B7396FC220F036EB0095DDB5 /* Forest.png in Resources */,
				B706A6D221119D70009DC84D /* BuildingOutline5.png in Resources */,
				B7A0D23A209BC3EF00098096 /* pond.png in Resources */,
				B77783FD1AE5C57D007FA840 /* nice_music.ogg in Resources */,
				B7CCC8692132783800CC6533 /* ListeningManAnim.png in Resources */,
				B7635BF620FF308300806279 /* PlayerWalkingLeft2.png in Resources */,
				B706A6DA211280DC009DC84D /* Booth.png in Resources */,
				B7603A91210D9D2500B6B858 /* Pirate.png in Resources */,
				B706A6D8211262FC009DC84D /* Fountain.png in Resources */,
				B7D17D151E4E958300D71290 /* PlayerWalkingLeft.png in Resources */,
				B7396FC320F036EB0095DDB5 /* TownSouth.png in Resources */,
				B7DAA36E210288D200DF1E7C /* GetKilled.png in Resources */,
				B7A1EB3A1EDA9F5100667423 /* Yak.png in Resources */,
				B742133F1E3836F300090D95 /* tree.png in Resources */,
				B7C3E680212D4330004F9A73 /* SittingSoldierBig.png in Resources */,
			);
			runOnlyForDeploymentPostprocessing = 0;
		};
/* End PBXResourcesBuildPhase section */

/* Begin PBXShellScriptBuildPhase section */
		B77783ED1AE5C57D007FA840 /* ShellScript */ = {
			isa = PBXShellScriptBuildPhase;
			buildActionMask = 2147483647;
			files = (
			);
			inputPaths = (
			);
			outputPaths = (
			);
			runOnlyForDeploymentPostprocessing = 0;
			shellPath = /bin/sh;
			shellScript = "# This shell script simply copies required sfml dylibs/frameworks into the application bundle frameworks folder.\n# If you're using static libraries (which is not recommended) you should remove this script from your project.\n\n# Are we building a project that uses framework or dylibs ?\ncase \"$SFML_BINARY_TYPE\" in\n    DYLIBS)\n        frameworks=\"false\"\n        ;;\n    *)\n        frameworks=\"true\"\n        ;;\nesac\n\n# Echoes to stderr\nerror () # $* message to display\n{\n    echo $* 1>&2\n    exit 2\n}\n\nassert () # $1 is a boolean, $2...N is an error message\n{\n    if [ $# -lt 2 ]\n    then\n        error \"Internal error in assert : not enough args\"\n    fi\n\n    if [ $1 -ne 0 ]\n    then\n        shift\n        error \"$*\"\n    fi\n}\n\nforce_remove () # $1 is a path\n{\n    test $# -eq 1\n    assert $? \"force_remove() requires one parameter\"\n    rm -fr \"$1\"\n    assert $? \"couldn't remove $1\"\n}\n\ncopy () # $1 is a source, $2 is a destination\n{\n    test $# -eq 2\n    assert $? \"copy() requires two parameters\"\n    ditto \"$1\" \"$2\"\n    assert $? \"couldn't copy $1 to $2\"\n}\n\nrequire () # $1 is a SFML module like 'system' or 'audio'\n{\n    dest=\"$BUILT_PRODUCTS_DIR/$PRODUCT_NAME.app/Contents/Frameworks\"\n\n    if [ -z \"$1\" ]\n    then\n        error \"require() requires one parameter!\"\n    else\n        # clean potentially old stuff\n        force_remove \"$dest/libsfml-$1.2.dylib\"\n        force_remove \"$dest/libsfml-$1-d.2.dylib\"\n        force_remove \"$dest/sfml-$1.framework\"\n\n        # copy SFML libraries\n        if [ \"$frameworks\" = \"true\" ]\n        then\n            copy \"/Library/Frameworks/sfml-$1.framework\" \"$dest/sfml-$1.framework\"\n        elif [ \"$SFML_LINK_DYLIBS_SUFFIX\" = \"-d\" ]\n        then\n            copy \"/usr/local/lib/libsfml-$1-d.2.dylib\" \"$dest/libsfml-$1-d.2.dylib\"\n        else\n            copy \"/usr/local/lib/libsfml-$1.2.dylib\" \"$dest/libsfml-$1.2.dylib\"\n        fi\n\n        if [ \"$1\" = \"audio\" ]\n        then\n            # copy sndfile framework too\n            copy \"/Library/Frameworks/sndfile.framework\" \"$dest/sndfile.framework\"\n        fi\n\n        if [ \"$1\" = \"graphics\" ]\n        then\n            # copy freetype framework too\n            copy \"/Library/Frameworks/freetype.framework\" \"$dest/freetype.framework\"\n        fi\n    fi\n}\n\nif [ -n \"$SFML_SYSTEM\" ]\nthen\n    require \"system\"\nfi\n\nif [ -n \"$SFML_AUDIO\" ]\nthen\n    require \"audio\"\nfi\n\nif [ -n \"$SFML_NETWORK\" ]\nthen\n    require \"network\"\nfi\n\nif [ -n \"$SFML_WINDOW\" ]\nthen\n    require \"window\"\nfi\n\nif [ -n \"$SFML_GRAPHICS\" ]\nthen\n    require \"graphics\"\nfi\n\n                ";
		};
/* End PBXShellScriptBuildPhase section */

/* Begin PBXSourcesBuildPhase section */
		B77783EA1AE5C57D007FA840 /* Sources */ = {
			isa = PBXSourcesBuildPhase;
			buildActionMask = 2147483647;
			files = (
				B7396FD120F09DE10095DDB5 /* MountainSouth.cpp in Sources */,
				B75ABA291C7BE1C400B9FFDE /* DialogueMode.cpp in Sources */,
				B79AD8D81D4F128200B7C8F7 /* Start.cpp in Sources */,
				B706F0781BFFE59700C95D49 /* State.cpp in Sources */,
				B7F96FDA1FFCD21B00FAB91B /* BattleAction.cpp in Sources */,
				B75F862F1BACE0FB0093B615 /* Ability.cpp in Sources */,
				B7262BCE2001A57E00989D70 /* MenuMode.cpp in Sources */,
				B7DEE729207F2AAD00B1B97C /* MapFactory.cpp in Sources */,
				B77A1BDF206A3B3300CD87DF /* Statuses.cpp in Sources */,
				B75ABA251C7BD81D00B9FFDE /* TalkNode.cpp in Sources */,
				B77784091AE5C84D007FA840 /* Game.cpp in Sources */,
				B78316FE20E6EA7400740527 /* PauseState.cpp in Sources */,
				B7034DA61E7298C3007288A6 /* Mode.cpp in Sources */,
				B7E99BDB20B7817800FABB99 /* BeachWest.cpp in Sources */,
				B75B77911C00723900122CCC /* StateStack.cpp in Sources */,
				B77F7EAB208E825C009FEE8A /* DialogueFactory.cpp in Sources */,
				B73D2DCC2060C44600E23998 /* StatusEffect.cpp in Sources */,
				B7439C1E1ECB8DED00724D0B /* GraphicsComponent.cpp in Sources */,
				B70D18DD20284340000B3584 /* BattleInfo.cpp in Sources */,
				B73219221B2111D000C41162 /* MapSection.cpp in Sources */,
				B7396FDA20F15FF20095DDB5 /* Forest.cpp in Sources */,
				B7396FCE20F099CF0095DDB5 /* MountainEast.cpp in Sources */,
				B7262BD42001B48D00989D70 /* MenuOption.cpp in Sources */,
				B74213421E384C7F00090D95 /* BeachNorth.cpp in Sources */,
				B75F862C1BACE0C60093B615 /* Character.cpp in Sources */,
				B7AA2BB820F33DAB003B1F42 /* LighthouseCoast.cpp in Sources */,
				B77BE44C1BB5E03500F5645C /* Menu.cpp in Sources */,
				B7A26C121C8070370083989B /* ZoneExit.cpp in Sources */,
				B7AA2BB520F33B88003B1F42 /* TownSouth.cpp in Sources */,
				B7977978204676D4000870C2 /* PlayerObject.cpp in Sources */,
				B797796F2044DBF7000870C2 /* AttackMode.cpp in Sources */,
				B742D6F91C1292EA0093C785 /* ResourceHolder.cpp in Sources */,
				B7D17D1B1E512CDC00D71290 /* LoadState.cpp in Sources */,
				B7E5DD4A1AE879C800E6EA3F /* OverworldMode.cpp in Sources */,
				B7A0D238209A886700098096 /* DPath.cpp in Sources */,
				B74A245220F6BC0100F9F331 /* BattleAI.cpp in Sources */,
				B76E02341D738EC90058D39E /* ResourcePath.mm in Sources */,
				B7396FD420F158FF0095DDB5 /* TownEast.cpp in Sources */,
				B7DAA36C210272B700DF1E7C /* AnimationSheet.cpp in Sources */,
				B7C9F3811E6235D300E7A045 /* Fade.cpp in Sources */,
				B7408AC220B3EE4A00CADF12 /* BlinkFade.cpp in Sources */,
				B7DD37451C35DFFC0089224E /* BattleState.cpp in Sources */,
				B7396FD720F15AF50095DDB5 /* SouthOfStart.cpp in Sources */,
				B7B2778E1EE3E3470051D7C4 /* WalkingAnimation.cpp in Sources */,
				B79779742046762A000870C2 /* MapObject.cpp in Sources */,
				B7A26C0F1C8061A50083989B /* Trigger.cpp in Sources */,
				B78873551F3D530E00E7C725 /* CharacterGenerator.cpp in Sources */,
				B75ABA241C7BD81D00B9FFDE /* OptionNode.cpp in Sources */,
				B7EE61632071DEAD00AA376E /* BattleEndMode.cpp in Sources */,
				B7AA2BB220F33A41003B1F42 /* BeachSouth.cpp in Sources */,
				B7439C241ECB983900724D0B /* DelayedAnimation.cpp in Sources */,
				B7396FCB20F059540095DDB5 /* MountainWest.cpp in Sources */,
				B7439C211ECB8F2E00724D0B /* AnimatedComponent.cpp in Sources */,
				B75ABA231C7BD81D00B9FFDE /* DNode.cpp in Sources */,
				B7A58FD620A2D0030002A47F /* AbilityOption.cpp in Sources */,
				B7396FDD20F162C70095DDB5 /* Swamp.cpp in Sources */,
				B77783F81AE5C57D007FA840 /* main.cpp in Sources */,
			);
			runOnlyForDeploymentPostprocessing = 0;
		};
/* End PBXSourcesBuildPhase section */

/* Begin XCBuildConfiguration section */
		B77784021AE5C57D007FA840 /* Debug */ = {
			isa = XCBuildConfiguration;
			buildSettings = {
				ARCHS = "$(ARCHS_STANDARD_32_64_BIT)";
				CLANG_CXX_LANGUAGE_STANDARD = "c++0x";
				CLANG_CXX_LIBRARY = "libc++";
				CLANG_WARN_EMPTY_BODY = YES;
				CLANG_WARN__DUPLICATE_METHOD_MATCH = YES;
				FRAMEWORK_SEARCH_PATHS = (
					/Library/Frameworks/,
					"$(inherited)",
				);
				GCC_OPTIMIZATION_LEVEL = 0;
				GCC_PREPROCESSOR_DEFINITIONS = (
					"DEBUG=1",
					"$(inherited)",
				);
				GCC_VERSION = com.apple.compilers.llvm.clang.1_0;
				GCC_WARN_ABOUT_RETURN_TYPE = YES;
				GCC_WARN_UNINITIALIZED_AUTOS = YES;
				GCC_WARN_UNUSED_VARIABLE = YES;
				HEADER_SEARCH_PATHS = (
					/usr/local/include/,
					"$(inherited)",
				);
				LIBRARY_SEARCH_PATHS = (
					/usr/local/lib/,
					"$(inherited)",
				);
				ONLY_ACTIVE_ARCH = NO;
				OTHER_LDFLAGS = (
					"$(inherited)",
					"$(SFML_SYSTEM)",
					"$(SFML_WINDOW)",
					"$(SFML_GRAPHICS)",
					"$(SFML_AUDIO)",
					"$(SFML_NETWORK)",
				);
				SFML_AUDIO = "$(SFML_LINK_PREFIX) sfml-audio$(SFML_LINK_SUFFIX)";
				SFML_BINARY_TYPE = FRAMEWORKS;
				SFML_GRAPHICS = "$(SFML_LINK_PREFIX) sfml-graphics$(SFML_LINK_SUFFIX)";
				SFML_LINK_DYLIBS_PREFIX = "-l";
				SFML_LINK_DYLIBS_SUFFIX = "";
				SFML_LINK_FRAMEWORKS_PREFIX = "-framework";
				SFML_LINK_FRAMEWORKS_SUFFIX = "";
				SFML_LINK_PREFIX = "$(SFML_LINK_$(SFML_BINARY_TYPE)_PREFIX)";
				SFML_LINK_SUFFIX = "$(SFML_LINK_$(SFML_BINARY_TYPE)_SUFFIX)";
				SFML_NETWORK = "$(SFML_LINK_PREFIX) sfml-network$(SFML_LINK_SUFFIX)";
				SFML_SYSTEM = "$(SFML_LINK_PREFIX) sfml-system$(SFML_LINK_SUFFIX)";
				SFML_WINDOW = "$(SFML_LINK_PREFIX) sfml-window$(SFML_LINK_SUFFIX)";
				SUPPORTED_PLATFORMS = macosx;
			};
			name = Debug;
		};
		B77784031AE5C57D007FA840 /* Release */ = {
			isa = XCBuildConfiguration;
			buildSettings = {
				ARCHS = "$(ARCHS_STANDARD_32_64_BIT)";
				CLANG_CXX_LANGUAGE_STANDARD = "c++0x";
				CLANG_CXX_LIBRARY = "libc++";
				CLANG_WARN_EMPTY_BODY = YES;
				CLANG_WARN__DUPLICATE_METHOD_MATCH = YES;
				COPY_PHASE_STRIP = YES;
				FRAMEWORK_SEARCH_PATHS = (
					/Library/Frameworks/,
					"$(inherited)",
				);
				GCC_VERSION = com.apple.compilers.llvm.clang.1_0;
				GCC_WARN_ABOUT_RETURN_TYPE = YES;
				GCC_WARN_UNINITIALIZED_AUTOS = YES;
				GCC_WARN_UNUSED_VARIABLE = YES;
				HEADER_SEARCH_PATHS = (
					/usr/local/include/,
					"$(inherited)",
				);
				LIBRARY_SEARCH_PATHS = (
					/usr/local/lib/,
					"$(inherited)",
				);
				ONLY_ACTIVE_ARCH = NO;
				OTHER_LDFLAGS = (
					"$(inherited)",
					"$(SFML_SYSTEM)",
					"$(SFML_WINDOW)",
					"$(SFML_GRAPHICS)",
					"$(SFML_AUDIO)",
					"$(SFML_NETWORK)",
				);
				SFML_AUDIO = "$(SFML_LINK_PREFIX) sfml-audio$(SFML_LINK_SUFFIX)";
				SFML_BINARY_TYPE = FRAMEWORKS;
				SFML_GRAPHICS = "$(SFML_LINK_PREFIX) sfml-graphics$(SFML_LINK_SUFFIX)";
				SFML_LINK_DYLIBS_PREFIX = "-l";
				SFML_LINK_DYLIBS_SUFFIX = "";
				SFML_LINK_FRAMEWORKS_PREFIX = "-framework";
				SFML_LINK_FRAMEWORKS_SUFFIX = "";
				SFML_LINK_PREFIX = "$(SFML_LINK_$(SFML_BINARY_TYPE)_PREFIX)";
				SFML_LINK_SUFFIX = "$(SFML_LINK_$(SFML_BINARY_TYPE)_SUFFIX)";
				SFML_NETWORK = "$(SFML_LINK_PREFIX) sfml-network$(SFML_LINK_SUFFIX)";
				SFML_SYSTEM = "$(SFML_LINK_PREFIX) sfml-system$(SFML_LINK_SUFFIX)";
				SFML_WINDOW = "$(SFML_LINK_PREFIX) sfml-window$(SFML_LINK_SUFFIX)";
				SUPPORTED_PLATFORMS = macosx;
			};
			name = Release;
		};
		B77784051AE5C57D007FA840 /* Debug */ = {
			isa = XCBuildConfiguration;
			buildSettings = {
				INFOPLIST_FILE = "Overworld/Overworld-Info.plist";
				MACOSX_DEPLOYMENT_TARGET = 10.7;
				PRODUCT_NAME = "$(TARGET_NAME)";
			};
			name = Debug;
		};
		B77784061AE5C57D007FA840 /* Release */ = {
			isa = XCBuildConfiguration;
			buildSettings = {
				INFOPLIST_FILE = "Overworld/Overworld-Info.plist";
				MACOSX_DEPLOYMENT_TARGET = 10.7;
				PRODUCT_NAME = "$(TARGET_NAME)";
			};
			name = Release;
		};
/* End XCBuildConfiguration section */

/* Begin XCConfigurationList section */
		B77783E91AE5C57D007FA840 /* Build configuration list for PBXProject "Overworld" */ = {
			isa = XCConfigurationList;
			buildConfigurations = (
				B77784021AE5C57D007FA840 /* Debug */,
				B77784031AE5C57D007FA840 /* Release */,
			);
			defaultConfigurationIsVisible = 0;
			defaultConfigurationName = Release;
		};
		B77784041AE5C57D007FA840 /* Build configuration list for PBXNativeTarget "Overworld" */ = {
			isa = XCConfigurationList;
			buildConfigurations = (
				B77784051AE5C57D007FA840 /* Debug */,
				B77784061AE5C57D007FA840 /* Release */,
			);
			defaultConfigurationIsVisible = 0;
			defaultConfigurationName = Release;
		};
/* End XCConfigurationList section */
	};
	rootObject = B77783E61AE5C57D007FA840 /* Project object */;
}
