// !$*UTF8*$!
{
	archiveVersion = 1;
	classes = {
	};
	objectVersion = 46;
	objects = {

/* Begin PBXBuildFile section */
		B7023E0F1BB5E19F005A6F93 /* EffectsHandler.cpp in Sources */ = {isa = PBXBuildFile; fileRef = B7023E0D1BB5E19F005A6F93 /* EffectsHandler.cpp */; };
		B7023E111BB61A36005A6F93 /* GetHitAnimation.png in Resources */ = {isa = PBXBuildFile; fileRef = B7023E101BB61A36005A6F93 /* GetHitAnimation.png */; };
		B7023E131BB61A43005A6F93 /* BadAttackAnimation.png in Resources */ = {isa = PBXBuildFile; fileRef = B7023E121BB61A43005A6F93 /* BadAttackAnimation.png */; };
		B7023E151BB61A4A005A6F93 /* BasicIdle.png in Resources */ = {isa = PBXBuildFile; fileRef = B7023E141BB61A4A005A6F93 /* BasicIdle.png */; };
		B7034DA61E7298C3007288A6 /* Mode.cpp in Sources */ = {isa = PBXBuildFile; fileRef = B7034DA41E7298C3007288A6 /* Mode.cpp */; };
		B706F0781BFFE59700C95D49 /* State.cpp in Sources */ = {isa = PBXBuildFile; fileRef = B706F0761BFFE59700C95D49 /* State.cpp */; };
		B70D18DD20284340000B3584 /* BattleInfo.cpp in Sources */ = {isa = PBXBuildFile; fileRef = B70D18DB20284340000B3584 /* BattleInfo.cpp */; };
		B7172F851AF0716500C21B1C /* Mountains.jpg in Resources */ = {isa = PBXBuildFile; fileRef = B7172F841AF0716500C21B1C /* Mountains.jpg */; };
		B7262BCE2001A57E00989D70 /* MenuMode.cpp in Sources */ = {isa = PBXBuildFile; fileRef = B7262BCC2001A57E00989D70 /* MenuMode.cpp */; };
		B7262BD42001B48D00989D70 /* MenuItem.cpp in Sources */ = {isa = PBXBuildFile; fileRef = B7262BD22001B48D00989D70 /* MenuItem.cpp */; };
		B73219221B2111D000C41162 /* MapSection.cpp in Sources */ = {isa = PBXBuildFile; fileRef = B73219201B2111D000C41162 /* MapSection.cpp */; };
		B73F35021E4B095B007EC4AC /* PlayerWalkingDown.png in Resources */ = {isa = PBXBuildFile; fileRef = B73F35011E4B095B007EC4AC /* PlayerWalkingDown.png */; };
		B73F35041E4B0963007EC4AC /* PlayerWalkingRight.png in Resources */ = {isa = PBXBuildFile; fileRef = B73F35031E4B0963007EC4AC /* PlayerWalkingRight.png */; };
		B73F35061E4B096D007EC4AC /* PlayerWalkingUp.png in Resources */ = {isa = PBXBuildFile; fileRef = B73F35051E4B096D007EC4AC /* PlayerWalkingUp.png */; };
		B742133F1E3836F300090D95 /* tree.png in Resources */ = {isa = PBXBuildFile; fileRef = B742133E1E3836F300090D95 /* tree.png */; };
		B74213421E384C7F00090D95 /* BigField.cpp in Sources */ = {isa = PBXBuildFile; fileRef = B74213401E384C7F00090D95 /* BigField.cpp */; };
		B742D6F91C1292EA0093C785 /* ResourceHolder.cpp in Sources */ = {isa = PBXBuildFile; fileRef = B742D6F71C1292EA0093C785 /* ResourceHolder.cpp */; };
		B7439C1A1ECA6D8C00724D0B /* Scarecrow.png in Resources */ = {isa = PBXBuildFile; fileRef = B7439C191ECA6D8C00724D0B /* Scarecrow.png */; };
		B7439C1E1ECB8DED00724D0B /* GraphicsComponent.cpp in Sources */ = {isa = PBXBuildFile; fileRef = B7439C1C1ECB8DED00724D0B /* GraphicsComponent.cpp */; };
		B7439C211ECB8F2E00724D0B /* AnimatedComponent.cpp in Sources */ = {isa = PBXBuildFile; fileRef = B7439C1F1ECB8F2D00724D0B /* AnimatedComponent.cpp */; };
		B7439C241ECB983900724D0B /* DelayedAnimation.cpp in Sources */ = {isa = PBXBuildFile; fileRef = B7439C221ECB983900724D0B /* DelayedAnimation.cpp */; };
		B7439C2A1ECBBD0400724D0B /* MapObject.cpp in Sources */ = {isa = PBXBuildFile; fileRef = B7439C281ECBBD0400724D0B /* MapObject.cpp */; };
		B75ABA1A1C7BD7DA00B9FFDE /* IterVector.inl in Resources */ = {isa = PBXBuildFile; fileRef = B75ABA191C7BD7DA00B9FFDE /* IterVector.inl */; };
		B75ABA231C7BD81D00B9FFDE /* DNode.cpp in Sources */ = {isa = PBXBuildFile; fileRef = B75ABA1C1C7BD81D00B9FFDE /* DNode.cpp */; };
		B75ABA241C7BD81D00B9FFDE /* OptionNode.cpp in Sources */ = {isa = PBXBuildFile; fileRef = B75ABA1E1C7BD81D00B9FFDE /* OptionNode.cpp */; };
		B75ABA251C7BD81D00B9FFDE /* TalkNode.cpp in Sources */ = {isa = PBXBuildFile; fileRef = B75ABA201C7BD81D00B9FFDE /* TalkNode.cpp */; };
		B75ABA291C7BE1C400B9FFDE /* DialogueMode.cpp in Sources */ = {isa = PBXBuildFile; fileRef = B75ABA271C7BE1C400B9FFDE /* DialogueMode.cpp */; };
		B75B77911C00723900122CCC /* StateStack.cpp in Sources */ = {isa = PBXBuildFile; fileRef = B75B778F1C00723900122CCC /* StateStack.cpp */; };
		B75F862C1BACE0C60093B615 /* Character.cpp in Sources */ = {isa = PBXBuildFile; fileRef = B75F862A1BACE0C60093B615 /* Character.cpp */; };
		B75F862F1BACE0FB0093B615 /* Ability.cpp in Sources */ = {isa = PBXBuildFile; fileRef = B75F862D1BACE0FB0093B615 /* Ability.cpp */; };
		B75F86331BACE5C10093B615 /* AnimatedSprite.cpp in Sources */ = {isa = PBXBuildFile; fileRef = B75F86311BACE5C10093B615 /* AnimatedSprite.cpp */; };
		B76E02341D738EC90058D39E /* ResourcePath.mm in Sources */ = {isa = PBXBuildFile; fileRef = B76E02331D738EC90058D39E /* ResourcePath.mm */; };
		B7701D831EF262EA006AB891 /* Conditions.cpp in Sources */ = {isa = PBXBuildFile; fileRef = B7701D821EF262EA006AB891 /* Conditions.cpp */; };
		B7701D851EF4740D006AB891 /* Campfire.png in Resources */ = {isa = PBXBuildFile; fileRef = B7701D841EF4740D006AB891 /* Campfire.png */; };
		B77783F81AE5C57D007FA840 /* main.cpp in Sources */ = {isa = PBXBuildFile; fileRef = B77783F71AE5C57D007FA840 /* main.cpp */; };
		B77783FB1AE5C57D007FA840 /* cute_image.jpg in Resources */ = {isa = PBXBuildFile; fileRef = B77783FA1AE5C57D007FA840 /* cute_image.jpg */; };
		B77783FD1AE5C57D007FA840 /* nice_music.ogg in Resources */ = {isa = PBXBuildFile; fileRef = B77783FC1AE5C57D007FA840 /* nice_music.ogg */; };
		B77783FF1AE5C57D007FA840 /* sansation.ttf in Resources */ = {isa = PBXBuildFile; fileRef = B77783FE1AE5C57D007FA840 /* sansation.ttf */; };
		B77784011AE5C57D007FA840 /* icon.png in Resources */ = {isa = PBXBuildFile; fileRef = B77784001AE5C57D007FA840 /* icon.png */; };
		B77784091AE5C84D007FA840 /* Game.cpp in Sources */ = {isa = PBXBuildFile; fileRef = B77784071AE5C84D007FA840 /* Game.cpp */; };
		B77844A71E25D2F7002C7555 /* PauseMenu.cpp in Sources */ = {isa = PBXBuildFile; fileRef = B77844A51E25D2F7002C7555 /* PauseMenu.cpp */; };
		B77BE44C1BB5E03500F5645C /* Menu.cpp in Sources */ = {isa = PBXBuildFile; fileRef = B77BE44A1BB5E03500F5645C /* Menu.cpp */; };
		B78873551F3D530E00E7C725 /* CharacterGenerator.cpp in Sources */ = {isa = PBXBuildFile; fileRef = B78873531F3D530E00E7C725 /* CharacterGenerator.cpp */; };
		B797796F2044DBF7000870C2 /* AttackMode.cpp in Sources */ = {isa = PBXBuildFile; fileRef = B797796D2044DBF7000870C2 /* AttackMode.cpp */; };
		B79AD8D81D4F128200B7C8F7 /* StartingZone.cpp in Sources */ = {isa = PBXBuildFile; fileRef = B79AD8D61D4F128200B7C8F7 /* StartingZone.cpp */; };
		B79E29881BA0E1C80020BA93 /* RollingWheat.png in Resources */ = {isa = PBXBuildFile; fileRef = B79E29871BA0E1C80020BA93 /* RollingWheat.png */; };
		B7A1EB3A1EDA9F5100667423 /* Yak.png in Resources */ = {isa = PBXBuildFile; fileRef = B7A1EB391EDA9F5100667423 /* Yak.png */; };
		B7A26C0F1C8061A50083989B /* Trigger.cpp in Sources */ = {isa = PBXBuildFile; fileRef = B7A26C0D1C8061A50083989B /* Trigger.cpp */; };
		B7A26C121C8070370083989B /* ZoneExit.cpp in Sources */ = {isa = PBXBuildFile; fileRef = B7A26C101C8070370083989B /* ZoneExit.cpp */; };
		B7B2778E1EE3E3470051D7C4 /* WalkingAnimation.cpp in Sources */ = {isa = PBXBuildFile; fileRef = B7B2778C1EE3E3470051D7C4 /* WalkingAnimation.cpp */; };
		B7C9F3811E6235D300E7A045 /* Fade.cpp in Sources */ = {isa = PBXBuildFile; fileRef = B7C9F37F1E6235D300E7A045 /* Fade.cpp */; };
		B7D17D151E4E958300D71290 /* PlayerWalkingLeft.png in Resources */ = {isa = PBXBuildFile; fileRef = B7D17D141E4E958300D71290 /* PlayerWalkingLeft.png */; };
		B7D17D1B1E512CDC00D71290 /* LoadState.cpp in Sources */ = {isa = PBXBuildFile; fileRef = B7D17D191E512CDC00D71290 /* LoadState.cpp */; };
		B7D3C23A1AEF869F0052DE83 /* Stickmaniac.png in Resources */ = {isa = PBXBuildFile; fileRef = B7D3C2391AEF869F0052DE83 /* Stickmaniac.png */; };
		B7DD37451C35DFFC0089224E /* BattleState.cpp in Sources */ = {isa = PBXBuildFile; fileRef = B7DD37431C35DFFC0089224E /* BattleState.cpp */; };
		B7DF60681EEF68BE00AB1B4F /* PlayerObject.cpp in Sources */ = {isa = PBXBuildFile; fileRef = B7DF60661EEF68BE00AB1B4F /* PlayerObject.cpp */; };
		B7E5DD4A1AE879C800E6EA3F /* OverworldMode.cpp in Sources */ = {isa = PBXBuildFile; fileRef = B7E5DD481AE879C800E6EA3F /* OverworldMode.cpp */; };
		B7F96FDA1FFCD21B00FAB91B /* BattleAction.cpp in Sources */ = {isa = PBXBuildFile; fileRef = B7F96FD81FFCD21B00FAB91B /* BattleAction.cpp */; };
/* End PBXBuildFile section */

/* Begin PBXFileReference section */
		B7023E0D1BB5E19F005A6F93 /* EffectsHandler.cpp */ = {isa = PBXFileReference; fileEncoding = 4; lastKnownFileType = sourcecode.cpp.cpp; path = EffectsHandler.cpp; sourceTree = "<group>"; };
		B7023E0E1BB5E19F005A6F93 /* EffectsHandler.h */ = {isa = PBXFileReference; fileEncoding = 4; lastKnownFileType = sourcecode.c.h; path = EffectsHandler.h; sourceTree = "<group>"; };
		B7023E101BB61A36005A6F93 /* GetHitAnimation.png */ = {isa = PBXFileReference; lastKnownFileType = image.png; path = GetHitAnimation.png; sourceTree = "<group>"; };
		B7023E121BB61A43005A6F93 /* BadAttackAnimation.png */ = {isa = PBXFileReference; lastKnownFileType = image.png; path = BadAttackAnimation.png; sourceTree = "<group>"; };
		B7023E141BB61A4A005A6F93 /* BasicIdle.png */ = {isa = PBXFileReference; lastKnownFileType = image.png; path = BasicIdle.png; sourceTree = "<group>"; };
		B7034DA41E7298C3007288A6 /* Mode.cpp */ = {isa = PBXFileReference; fileEncoding = 4; lastKnownFileType = sourcecode.cpp.cpp; path = Mode.cpp; sourceTree = "<group>"; };
		B7034DA51E7298C3007288A6 /* Mode.hpp */ = {isa = PBXFileReference; fileEncoding = 4; lastKnownFileType = sourcecode.cpp.h; path = Mode.hpp; sourceTree = "<group>"; };
		B706F0761BFFE59700C95D49 /* State.cpp */ = {isa = PBXFileReference; fileEncoding = 4; lastKnownFileType = sourcecode.cpp.cpp; path = State.cpp; sourceTree = "<group>"; };
		B706F0771BFFE59700C95D49 /* State.h */ = {isa = PBXFileReference; fileEncoding = 4; lastKnownFileType = sourcecode.c.h; path = State.h; sourceTree = "<group>"; };
		B70D18DB20284340000B3584 /* BattleInfo.cpp */ = {isa = PBXFileReference; lastKnownFileType = sourcecode.cpp.cpp; path = BattleInfo.cpp; sourceTree = "<group>"; };
		B70D18DC20284340000B3584 /* BattleInfo.hpp */ = {isa = PBXFileReference; lastKnownFileType = sourcecode.cpp.h; path = BattleInfo.hpp; sourceTree = "<group>"; };
		B7172F841AF0716500C21B1C /* Mountains.jpg */ = {isa = PBXFileReference; lastKnownFileType = image.jpeg; path = Mountains.jpg; sourceTree = "<group>"; };
		B7262BCC2001A57E00989D70 /* MenuMode.cpp */ = {isa = PBXFileReference; lastKnownFileType = sourcecode.cpp.cpp; path = MenuMode.cpp; sourceTree = "<group>"; };
		B7262BCD2001A57E00989D70 /* MenuMode.hpp */ = {isa = PBXFileReference; lastKnownFileType = sourcecode.cpp.h; path = MenuMode.hpp; sourceTree = "<group>"; };
		B7262BD22001B48D00989D70 /* MenuItem.cpp */ = {isa = PBXFileReference; lastKnownFileType = sourcecode.cpp.cpp; path = MenuItem.cpp; sourceTree = "<group>"; };
		B7262BD32001B48D00989D70 /* MenuItem.hpp */ = {isa = PBXFileReference; lastKnownFileType = sourcecode.cpp.h; path = MenuItem.hpp; sourceTree = "<group>"; };
		B7262BD620035BBC00989D70 /* Menu.hpp */ = {isa = PBXFileReference; lastKnownFileType = sourcecode.cpp.h; path = Menu.hpp; sourceTree = "<group>"; };
		B73219201B2111D000C41162 /* MapSection.cpp */ = {isa = PBXFileReference; fileEncoding = 4; lastKnownFileType = sourcecode.cpp.cpp; path = MapSection.cpp; sourceTree = "<group>"; usesTabs = 1; };
		B73219211B2111D000C41162 /* MapSection.h */ = {isa = PBXFileReference; fileEncoding = 4; lastKnownFileType = sourcecode.c.h; path = MapSection.h; sourceTree = "<group>"; };
		B73F35011E4B095B007EC4AC /* PlayerWalkingDown.png */ = {isa = PBXFileReference; lastKnownFileType = image.png; path = PlayerWalkingDown.png; sourceTree = "<group>"; };
		B73F35031E4B0963007EC4AC /* PlayerWalkingRight.png */ = {isa = PBXFileReference; lastKnownFileType = image.png; path = PlayerWalkingRight.png; sourceTree = "<group>"; };
		B73F35051E4B096D007EC4AC /* PlayerWalkingUp.png */ = {isa = PBXFileReference; lastKnownFileType = image.png; path = PlayerWalkingUp.png; sourceTree = "<group>"; };
		B742133E1E3836F300090D95 /* tree.png */ = {isa = PBXFileReference; lastKnownFileType = image.png; path = tree.png; sourceTree = "<group>"; };
		B74213401E384C7F00090D95 /* BigField.cpp */ = {isa = PBXFileReference; fileEncoding = 4; lastKnownFileType = sourcecode.cpp.cpp; path = BigField.cpp; sourceTree = "<group>"; usesTabs = 1; };
		B74213411E384C7F00090D95 /* BigField.hpp */ = {isa = PBXFileReference; fileEncoding = 4; lastKnownFileType = sourcecode.cpp.h; path = BigField.hpp; sourceTree = "<group>"; };
		B742D6F71C1292EA0093C785 /* ResourceHolder.cpp */ = {isa = PBXFileReference; fileEncoding = 4; lastKnownFileType = sourcecode.cpp.cpp; path = ResourceHolder.cpp; sourceTree = "<group>"; };
		B742D6F81C1292EA0093C785 /* ResourceHolder.h */ = {isa = PBXFileReference; fileEncoding = 4; lastKnownFileType = sourcecode.c.h; path = ResourceHolder.h; sourceTree = "<group>"; };
		B7439C191ECA6D8C00724D0B /* Scarecrow.png */ = {isa = PBXFileReference; lastKnownFileType = image.png; path = Scarecrow.png; sourceTree = "<group>"; };
		B7439C1C1ECB8DED00724D0B /* GraphicsComponent.cpp */ = {isa = PBXFileReference; fileEncoding = 4; lastKnownFileType = sourcecode.cpp.cpp; path = GraphicsComponent.cpp; sourceTree = "<group>"; };
		B7439C1D1ECB8DED00724D0B /* GraphicsComponent.hpp */ = {isa = PBXFileReference; fileEncoding = 4; lastKnownFileType = sourcecode.cpp.h; path = GraphicsComponent.hpp; sourceTree = "<group>"; };
		B7439C1F1ECB8F2D00724D0B /* AnimatedComponent.cpp */ = {isa = PBXFileReference; fileEncoding = 4; lastKnownFileType = sourcecode.cpp.cpp; path = AnimatedComponent.cpp; sourceTree = "<group>"; };
		B7439C201ECB8F2E00724D0B /* AnimatedComponent.hpp */ = {isa = PBXFileReference; fileEncoding = 4; lastKnownFileType = sourcecode.cpp.h; path = AnimatedComponent.hpp; sourceTree = "<group>"; };
		B7439C221ECB983900724D0B /* DelayedAnimation.cpp */ = {isa = PBXFileReference; fileEncoding = 4; lastKnownFileType = sourcecode.cpp.cpp; path = DelayedAnimation.cpp; sourceTree = "<group>"; };
		B7439C231ECB983900724D0B /* DelayedAnimation.hpp */ = {isa = PBXFileReference; fileEncoding = 4; lastKnownFileType = sourcecode.cpp.h; path = DelayedAnimation.hpp; sourceTree = "<group>"; };
		B7439C281ECBBD0400724D0B /* MapObject.cpp */ = {isa = PBXFileReference; fileEncoding = 4; lastKnownFileType = sourcecode.cpp.cpp; path = MapObject.cpp; sourceTree = "<group>"; usesTabs = 1; };
		B7439C291ECBBD0400724D0B /* MapObject.hpp */ = {isa = PBXFileReference; fileEncoding = 4; lastKnownFileType = sourcecode.cpp.h; path = MapObject.hpp; sourceTree = "<group>"; };
		B75ABA181C7BD7DA00B9FFDE /* IterVector.hpp */ = {isa = PBXFileReference; fileEncoding = 4; lastKnownFileType = sourcecode.cpp.h; path = IterVector.hpp; sourceTree = "<group>"; };
		B75ABA191C7BD7DA00B9FFDE /* IterVector.inl */ = {isa = PBXFileReference; fileEncoding = 4; lastKnownFileType = text; path = IterVector.inl; sourceTree = "<group>"; };
		B75ABA1B1C7BD81D00B9FFDE /* DNode.h */ = {isa = PBXFileReference; fileEncoding = 4; lastKnownFileType = sourcecode.c.h; path = DNode.h; sourceTree = "<group>"; };
		B75ABA1C1C7BD81D00B9FFDE /* DNode.cpp */ = {isa = PBXFileReference; fileEncoding = 4; lastKnownFileType = sourcecode.cpp.cpp; path = DNode.cpp; sourceTree = "<group>"; };
		B75ABA1D1C7BD81D00B9FFDE /* OptionNode.h */ = {isa = PBXFileReference; fileEncoding = 4; lastKnownFileType = sourcecode.c.h; path = OptionNode.h; sourceTree = "<group>"; };
		B75ABA1E1C7BD81D00B9FFDE /* OptionNode.cpp */ = {isa = PBXFileReference; fileEncoding = 4; lastKnownFileType = sourcecode.cpp.cpp; path = OptionNode.cpp; sourceTree = "<group>"; };
		B75ABA1F1C7BD81D00B9FFDE /* TalkNode.h */ = {isa = PBXFileReference; fileEncoding = 4; lastKnownFileType = sourcecode.c.h; path = TalkNode.h; sourceTree = "<group>"; };
		B75ABA201C7BD81D00B9FFDE /* TalkNode.cpp */ = {isa = PBXFileReference; fileEncoding = 4; lastKnownFileType = sourcecode.cpp.cpp; path = TalkNode.cpp; sourceTree = "<group>"; };
		B75ABA271C7BE1C400B9FFDE /* DialogueMode.cpp */ = {isa = PBXFileReference; fileEncoding = 4; lastKnownFileType = sourcecode.cpp.cpp; path = DialogueMode.cpp; sourceTree = "<group>"; };
		B75ABA281C7BE1C400B9FFDE /* DialogueMode.h */ = {isa = PBXFileReference; fileEncoding = 4; lastKnownFileType = sourcecode.c.h; path = DialogueMode.h; sourceTree = "<group>"; };
		B75B778F1C00723900122CCC /* StateStack.cpp */ = {isa = PBXFileReference; fileEncoding = 4; lastKnownFileType = sourcecode.cpp.cpp; path = StateStack.cpp; sourceTree = "<group>"; };
		B75B77901C00723900122CCC /* StateStack.h */ = {isa = PBXFileReference; fileEncoding = 4; lastKnownFileType = sourcecode.c.h; path = StateStack.h; sourceTree = "<group>"; };
		B75F862A1BACE0C60093B615 /* Character.cpp */ = {isa = PBXFileReference; fileEncoding = 4; lastKnownFileType = sourcecode.cpp.cpp; path = Character.cpp; sourceTree = "<group>"; };
		B75F862B1BACE0C60093B615 /* Character.h */ = {isa = PBXFileReference; fileEncoding = 4; lastKnownFileType = sourcecode.c.h; path = Character.h; sourceTree = "<group>"; };
		B75F862D1BACE0FB0093B615 /* Ability.cpp */ = {isa = PBXFileReference; fileEncoding = 4; lastKnownFileType = sourcecode.cpp.cpp; path = Ability.cpp; sourceTree = "<group>"; };
		B75F862E1BACE0FB0093B615 /* Ability.h */ = {isa = PBXFileReference; fileEncoding = 4; lastKnownFileType = sourcecode.c.h; path = Ability.h; sourceTree = "<group>"; };
		B75F86311BACE5C10093B615 /* AnimatedSprite.cpp */ = {isa = PBXFileReference; fileEncoding = 4; lastKnownFileType = sourcecode.cpp.cpp; path = AnimatedSprite.cpp; sourceTree = "<group>"; };
		B75F86321BACE5C10093B615 /* AnimatedSprite.h */ = {isa = PBXFileReference; fileEncoding = 4; lastKnownFileType = sourcecode.c.h; path = AnimatedSprite.h; sourceTree = "<group>"; };
		B76E02321D738EC90058D39E /* ResourcePath.hpp */ = {isa = PBXFileReference; fileEncoding = 4; lastKnownFileType = sourcecode.cpp.h; path = ResourcePath.hpp; sourceTree = "<group>"; };
		B76E02331D738EC90058D39E /* ResourcePath.mm */ = {isa = PBXFileReference; fileEncoding = 4; lastKnownFileType = sourcecode.cpp.objcpp; path = ResourcePath.mm; sourceTree = "<group>"; };
		B7701D821EF262EA006AB891 /* Conditions.cpp */ = {isa = PBXFileReference; fileEncoding = 4; lastKnownFileType = sourcecode.cpp.cpp; path = Conditions.cpp; sourceTree = "<group>"; };
		B7701D841EF4740D006AB891 /* Campfire.png */ = {isa = PBXFileReference; lastKnownFileType = image.png; path = Campfire.png; sourceTree = "<group>"; };
		B77783EF1AE5C57D007FA840 /* Overworld.app */ = {isa = PBXFileReference; explicitFileType = wrapper.application; includeInIndex = 0; path = Overworld.app; sourceTree = BUILT_PRODUCTS_DIR; };
		B77783F31AE5C57D007FA840 /* Overworld-Info.plist */ = {isa = PBXFileReference; lastKnownFileType = text.plist.xml; path = "Overworld-Info.plist"; sourceTree = "<group>"; };
		B77783F71AE5C57D007FA840 /* main.cpp */ = {isa = PBXFileReference; lastKnownFileType = sourcecode.cpp.cpp; path = main.cpp; sourceTree = "<group>"; };
		B77783FA1AE5C57D007FA840 /* cute_image.jpg */ = {isa = PBXFileReference; lastKnownFileType = image.jpeg; path = cute_image.jpg; sourceTree = "<group>"; };
		B77783FC1AE5C57D007FA840 /* nice_music.ogg */ = {isa = PBXFileReference; lastKnownFileType = file; path = nice_music.ogg; sourceTree = "<group>"; };
		B77783FE1AE5C57D007FA840 /* sansation.ttf */ = {isa = PBXFileReference; lastKnownFileType = file; path = sansation.ttf; sourceTree = "<group>"; };
		B77784001AE5C57D007FA840 /* icon.png */ = {isa = PBXFileReference; lastKnownFileType = image.png; path = icon.png; sourceTree = "<group>"; };
		B77784071AE5C84D007FA840 /* Game.cpp */ = {isa = PBXFileReference; fileEncoding = 4; lastKnownFileType = sourcecode.cpp.cpp; path = Game.cpp; sourceTree = "<group>"; usesTabs = 1; };
		B77784081AE5C84D007FA840 /* Game.h */ = {isa = PBXFileReference; fileEncoding = 4; lastKnownFileType = sourcecode.c.h; path = Game.h; sourceTree = "<group>"; usesTabs = 1; };
		B777840D1AE5D332007FA840 /* PrefixHeader.pch */ = {isa = PBXFileReference; lastKnownFileType = sourcecode.c.h; path = PrefixHeader.pch; sourceTree = "<group>"; };
		B77844A51E25D2F7002C7555 /* PauseMenu.cpp */ = {isa = PBXFileReference; fileEncoding = 4; lastKnownFileType = sourcecode.cpp.cpp; path = PauseMenu.cpp; sourceTree = "<group>"; };
		B77844A61E25D2F7002C7555 /* PauseMenu.hpp */ = {isa = PBXFileReference; fileEncoding = 4; lastKnownFileType = sourcecode.cpp.h; path = PauseMenu.hpp; sourceTree = "<group>"; };
		B77BE44A1BB5E03500F5645C /* Menu.cpp */ = {isa = PBXFileReference; fileEncoding = 4; lastKnownFileType = sourcecode.cpp.cpp; path = Menu.cpp; sourceTree = "<group>"; };
		B78873531F3D530E00E7C725 /* CharacterGenerator.cpp */ = {isa = PBXFileReference; fileEncoding = 4; lastKnownFileType = sourcecode.cpp.cpp; path = CharacterGenerator.cpp; sourceTree = "<group>"; };
		B78873541F3D530E00E7C725 /* CharacterGenerator.hpp */ = {isa = PBXFileReference; fileEncoding = 4; lastKnownFileType = sourcecode.cpp.h; path = CharacterGenerator.hpp; sourceTree = "<group>"; };
		B797796D2044DBF7000870C2 /* AttackMode.cpp */ = {isa = PBXFileReference; lastKnownFileType = sourcecode.cpp.cpp; path = AttackMode.cpp; sourceTree = "<group>"; };
		B797796E2044DBF7000870C2 /* AttackMode.hpp */ = {isa = PBXFileReference; lastKnownFileType = sourcecode.cpp.h; path = AttackMode.hpp; sourceTree = "<group>"; };
		B79AD8D61D4F128200B7C8F7 /* StartingZone.cpp */ = {isa = PBXFileReference; fileEncoding = 4; indentWidth = 4; lastKnownFileType = sourcecode.cpp.cpp; path = StartingZone.cpp; sourceTree = "<group>"; tabWidth = 4; usesTabs = 1; };
		B79AD8D71D4F128200B7C8F7 /* StartingZone.h */ = {isa = PBXFileReference; fileEncoding = 4; lastKnownFileType = sourcecode.c.h; path = StartingZone.h; sourceTree = "<group>"; };
		B79E29871BA0E1C80020BA93 /* RollingWheat.png */ = {isa = PBXFileReference; lastKnownFileType = image.png; path = RollingWheat.png; sourceTree = "<group>"; };
		B7A1EB391EDA9F5100667423 /* Yak.png */ = {isa = PBXFileReference; lastKnownFileType = image.png; path = Yak.png; sourceTree = "<group>"; };
		B7A26C0D1C8061A50083989B /* Trigger.cpp */ = {isa = PBXFileReference; fileEncoding = 4; lastKnownFileType = sourcecode.cpp.cpp; path = Trigger.cpp; sourceTree = "<group>"; };
		B7A26C0E1C8061A50083989B /* Trigger.h */ = {isa = PBXFileReference; fileEncoding = 4; lastKnownFileType = sourcecode.c.h; path = Trigger.h; sourceTree = "<group>"; };
		B7A26C101C8070370083989B /* ZoneExit.cpp */ = {isa = PBXFileReference; fileEncoding = 4; lastKnownFileType = sourcecode.cpp.cpp; path = ZoneExit.cpp; sourceTree = "<group>"; };
		B7A26C111C8070370083989B /* ZoneExit.h */ = {isa = PBXFileReference; fileEncoding = 4; lastKnownFileType = sourcecode.c.h; path = ZoneExit.h; sourceTree = "<group>"; };
		B7B2778C1EE3E3470051D7C4 /* WalkingAnimation.cpp */ = {isa = PBXFileReference; fileEncoding = 4; lastKnownFileType = sourcecode.cpp.cpp; path = WalkingAnimation.cpp; sourceTree = "<group>"; };
		B7B2778D1EE3E3470051D7C4 /* WalkingAnimation.hpp */ = {isa = PBXFileReference; fileEncoding = 4; lastKnownFileType = sourcecode.cpp.h; path = WalkingAnimation.hpp; sourceTree = "<group>"; };
		B7C9F37F1E6235D300E7A045 /* Fade.cpp */ = {isa = PBXFileReference; fileEncoding = 4; lastKnownFileType = sourcecode.cpp.cpp; path = Fade.cpp; sourceTree = "<group>"; };
		B7C9F3801E6235D300E7A045 /* Fade.hpp */ = {isa = PBXFileReference; fileEncoding = 4; lastKnownFileType = sourcecode.cpp.h; path = Fade.hpp; sourceTree = "<group>"; };
		B7D17D141E4E958300D71290 /* PlayerWalkingLeft.png */ = {isa = PBXFileReference; lastKnownFileType = image.png; path = PlayerWalkingLeft.png; sourceTree = "<group>"; };
		B7D17D191E512CDC00D71290 /* LoadState.cpp */ = {isa = PBXFileReference; fileEncoding = 4; lastKnownFileType = sourcecode.cpp.cpp; path = LoadState.cpp; sourceTree = "<group>"; };
		B7D17D1A1E512CDC00D71290 /* LoadState.hpp */ = {isa = PBXFileReference; fileEncoding = 4; lastKnownFileType = sourcecode.cpp.h; path = LoadState.hpp; sourceTree = "<group>"; };
		B7D3C2391AEF869F0052DE83 /* Stickmaniac.png */ = {isa = PBXFileReference; lastKnownFileType = image.png; path = Stickmaniac.png; sourceTree = "<group>"; };
		B7DD37431C35DFFC0089224E /* BattleState.cpp */ = {isa = PBXFileReference; fileEncoding = 4; lastKnownFileType = sourcecode.cpp.cpp; path = BattleState.cpp; sourceTree = "<group>"; };
		B7DD37441C35DFFC0089224E /* BattleState.h */ = {isa = PBXFileReference; fileEncoding = 4; lastKnownFileType = sourcecode.c.h; path = BattleState.h; sourceTree = "<group>"; };
		B7DF60661EEF68BE00AB1B4F /* PlayerObject.cpp */ = {isa = PBXFileReference; fileEncoding = 4; lastKnownFileType = sourcecode.cpp.cpp; path = PlayerObject.cpp; sourceTree = "<group>"; };
		B7DF60671EEF68BE00AB1B4F /* PlayerObject.hpp */ = {isa = PBXFileReference; fileEncoding = 4; lastKnownFileType = sourcecode.cpp.h; path = PlayerObject.hpp; sourceTree = "<group>"; };
		B7E5DD481AE879C800E6EA3F /* OverworldMode.cpp */ = {isa = PBXFileReference; fileEncoding = 4; lastKnownFileType = sourcecode.cpp.cpp; path = OverworldMode.cpp; sourceTree = "<group>"; usesTabs = 1; };
		B7E5DD491AE879C800E6EA3F /* OverworldMode.h */ = {isa = PBXFileReference; fileEncoding = 4; lastKnownFileType = sourcecode.c.h; path = OverworldMode.h; sourceTree = "<group>"; usesTabs = 1; };
		B7F96FD81FFCD21B00FAB91B /* BattleAction.cpp */ = {isa = PBXFileReference; lastKnownFileType = sourcecode.cpp.cpp; path = BattleAction.cpp; sourceTree = "<group>"; };
		B7F96FD91FFCD21B00FAB91B /* BattleAction.hpp */ = {isa = PBXFileReference; lastKnownFileType = sourcecode.cpp.h; path = BattleAction.hpp; sourceTree = "<group>"; };
/* End PBXFileReference section */

/* Begin PBXFrameworksBuildPhase section */
		B77783EB1AE5C57D007FA840 /* Frameworks */ = {
			isa = PBXFrameworksBuildPhase;
			buildActionMask = 2147483647;
			files = (
			);
			runOnlyForDeploymentPostprocessing = 0;
		};
/* End PBXFrameworksBuildPhase section */

/* Begin PBXGroup section */
		B7439C1B1ECB8D0400724D0B /* SpriteGuts */ = {
			isa = PBXGroup;
			children = (
				B7A1EB3B1EDBB37700667423 /* Deprecated */,
				B7439C291ECBBD0400724D0B /* MapObject.hpp */,
				B7439C281ECBBD0400724D0B /* MapObject.cpp */,
				B7DF60671EEF68BE00AB1B4F /* PlayerObject.hpp */,
				B7DF60661EEF68BE00AB1B4F /* PlayerObject.cpp */,
				B7439C1D1ECB8DED00724D0B /* GraphicsComponent.hpp */,
				B7439C1C1ECB8DED00724D0B /* GraphicsComponent.cpp */,
				B7439C201ECB8F2E00724D0B /* AnimatedComponent.hpp */,
				B7439C1F1ECB8F2D00724D0B /* AnimatedComponent.cpp */,
				B7439C231ECB983900724D0B /* DelayedAnimation.hpp */,
				B7439C221ECB983900724D0B /* DelayedAnimation.cpp */,
				B7B2778D1EE3E3470051D7C4 /* WalkingAnimation.hpp */,
				B7B2778C1EE3E3470051D7C4 /* WalkingAnimation.cpp */,
			);
			name = SpriteGuts;
			sourceTree = "<group>";
		};
		B75F86301BACE2380093B615 /* BattleMode */ = {
			isa = PBXGroup;
			children = (
				B7DD37441C35DFFC0089224E /* BattleState.h */,
				B7DD37431C35DFFC0089224E /* BattleState.cpp */,
				B7262BCD2001A57E00989D70 /* MenuMode.hpp */,
				B7262BCC2001A57E00989D70 /* MenuMode.cpp */,
				B7262BD32001B48D00989D70 /* MenuItem.hpp */,
				B7262BD22001B48D00989D70 /* MenuItem.cpp */,
				B7262BD620035BBC00989D70 /* Menu.hpp */,
				B77BE44A1BB5E03500F5645C /* Menu.cpp */,
				B797796E2044DBF7000870C2 /* AttackMode.hpp */,
				B797796D2044DBF7000870C2 /* AttackMode.cpp */,
				B75F862B1BACE0C60093B615 /* Character.h */,
				B75F862A1BACE0C60093B615 /* Character.cpp */,
				B75F862E1BACE0FB0093B615 /* Ability.h */,
				B75F862D1BACE0FB0093B615 /* Ability.cpp */,
				B70D18DC20284340000B3584 /* BattleInfo.hpp */,
				B70D18DB20284340000B3584 /* BattleInfo.cpp */,
				B7F96FD91FFCD21B00FAB91B /* BattleAction.hpp */,
				B7F96FD81FFCD21B00FAB91B /* BattleAction.cpp */,
				B7023E0E1BB5E19F005A6F93 /* EffectsHandler.h */,
				B7023E0D1BB5E19F005A6F93 /* EffectsHandler.cpp */,
			);
			name = BattleMode;
			sourceTree = "<group>";
		};
		B770E8381C75214E00F0A688 /* Utility */ = {
			isa = PBXGroup;
			children = (
				B76E02321D738EC90058D39E /* ResourcePath.hpp */,
				B76E02331D738EC90058D39E /* ResourcePath.mm */,
				B75ABA181C7BD7DA00B9FFDE /* IterVector.hpp */,
				B75ABA191C7BD7DA00B9FFDE /* IterVector.inl */,
				B742D6F81C1292EA0093C785 /* ResourceHolder.h */,
				B742D6F71C1292EA0093C785 /* ResourceHolder.cpp */,
				B777840D1AE5D332007FA840 /* PrefixHeader.pch */,
			);
			name = Utility;
			sourceTree = "<group>";
		};
		B77783E51AE5C57D007FA840 = {
			isa = PBXGroup;
			children = (
				B77783F11AE5C57D007FA840 /* Overworld */,
				B77783F01AE5C57D007FA840 /* Products */,
			);
			sourceTree = "<group>";
		};
		B77783F01AE5C57D007FA840 /* Products */ = {
			isa = PBXGroup;
			children = (
				B77783EF1AE5C57D007FA840 /* Overworld.app */,
			);
			name = Products;
			sourceTree = "<group>";
		};
		B77783F11AE5C57D007FA840 /* Overworld */ = {
			isa = PBXGroup;
			children = (
				B77783F71AE5C57D007FA840 /* main.cpp */,
				B77784081AE5C84D007FA840 /* Game.h */,
				B77784071AE5C84D007FA840 /* Game.cpp */,
				B706F0771BFFE59700C95D49 /* State.h */,
				B706F0761BFFE59700C95D49 /* State.cpp */,
				B7D17D1A1E512CDC00D71290 /* LoadState.hpp */,
				B7D17D191E512CDC00D71290 /* LoadState.cpp */,
				B75B77901C00723900122CCC /* StateStack.h */,
				B75B778F1C00723900122CCC /* StateStack.cpp */,
				B77844A61E25D2F7002C7555 /* PauseMenu.hpp */,
				B77844A51E25D2F7002C7555 /* PauseMenu.cpp */,
				B770E8381C75214E00F0A688 /* Utility */,
				B78FB2961BF950FE008A435F /* DialogueMode */,
				B78FB2951BF950ED008A435F /* OverworldMode */,
				B75F86301BACE2380093B615 /* BattleMode */,
				B77783F91AE5C57D007FA840 /* Resources */,
				B77783F21AE5C57D007FA840 /* Supporting Files */,
			);
			path = Overworld;
			sourceTree = "<group>";
		};
		B77783F21AE5C57D007FA840 /* Supporting Files */ = {
			isa = PBXGroup;
			children = (
				B77783F31AE5C57D007FA840 /* Overworld-Info.plist */,
			);
			name = "Supporting Files";
			sourceTree = "<group>";
		};
		B77783F91AE5C57D007FA840 /* Resources */ = {
			isa = PBXGroup;
			children = (
				B7701D841EF4740D006AB891 /* Campfire.png */,
				B7023E121BB61A43005A6F93 /* BadAttackAnimation.png */,
				B7023E141BB61A4A005A6F93 /* BasicIdle.png */,
				B77783FA1AE5C57D007FA840 /* cute_image.jpg */,
				B7023E101BB61A36005A6F93 /* GetHitAnimation.png */,
				B77784001AE5C57D007FA840 /* icon.png */,
				B7172F841AF0716500C21B1C /* Mountains.jpg */,
				B77783FC1AE5C57D007FA840 /* nice_music.ogg */,
				B73F35051E4B096D007EC4AC /* PlayerWalkingUp.png */,
				B73F35011E4B095B007EC4AC /* PlayerWalkingDown.png */,
				B7D17D141E4E958300D71290 /* PlayerWalkingLeft.png */,
				B73F35031E4B0963007EC4AC /* PlayerWalkingRight.png */,
				B79E29871BA0E1C80020BA93 /* RollingWheat.png */,
				B77783FE1AE5C57D007FA840 /* sansation.ttf */,
				B7439C191ECA6D8C00724D0B /* Scarecrow.png */,
				B7D3C2391AEF869F0052DE83 /* Stickmaniac.png */,
				B742133E1E3836F300090D95 /* tree.png */,
				B7A1EB391EDA9F5100667423 /* Yak.png */,
			);
			name = Resources;
			sourceTree = "<group>";
		};
		B78FB2951BF950ED008A435F /* OverworldMode */ = {
			isa = PBXGroup;
			children = (
				B7E5DD491AE879C800E6EA3F /* OverworldMode.h */,
				B7E5DD481AE879C800E6EA3F /* OverworldMode.cpp */,
				B7034DA51E7298C3007288A6 /* Mode.hpp */,
				B7034DA41E7298C3007288A6 /* Mode.cpp */,
				B7C9F3801E6235D300E7A045 /* Fade.hpp */,
				B7C9F37F1E6235D300E7A045 /* Fade.cpp */,
				B7A26C0E1C8061A50083989B /* Trigger.h */,
				B7A26C0D1C8061A50083989B /* Trigger.cpp */,
				B7A26C111C8070370083989B /* ZoneExit.h */,
				B7A26C101C8070370083989B /* ZoneExit.cpp */,
				B7439C1B1ECB8D0400724D0B /* SpriteGuts */,
				B79AD8D51D4F11EE00B7C8F7 /* Maps */,
			);
			name = OverworldMode;
			sourceTree = "<group>";
		};
		B78FB2961BF950FE008A435F /* DialogueMode */ = {
			isa = PBXGroup;
			children = (
				B75ABA281C7BE1C400B9FFDE /* DialogueMode.h */,
				B75ABA271C7BE1C400B9FFDE /* DialogueMode.cpp */,
				B75ABA1B1C7BD81D00B9FFDE /* DNode.h */,
				B75ABA1C1C7BD81D00B9FFDE /* DNode.cpp */,
				B7701D821EF262EA006AB891 /* Conditions.cpp */,
				B75ABA1D1C7BD81D00B9FFDE /* OptionNode.h */,
				B75ABA1E1C7BD81D00B9FFDE /* OptionNode.cpp */,
				B75ABA1F1C7BD81D00B9FFDE /* TalkNode.h */,
				B75ABA201C7BD81D00B9FFDE /* TalkNode.cpp */,
			);
			name = DialogueMode;
			sourceTree = "<group>";
		};
		B79AD8D51D4F11EE00B7C8F7 /* Maps */ = {
			isa = PBXGroup;
			children = (
				B73219211B2111D000C41162 /* MapSection.h */,
				B73219201B2111D000C41162 /* MapSection.cpp */,
				B79AD8D71D4F128200B7C8F7 /* StartingZone.h */,
				B79AD8D61D4F128200B7C8F7 /* StartingZone.cpp */,
				B78873541F3D530E00E7C725 /* CharacterGenerator.hpp */,
				B78873531F3D530E00E7C725 /* CharacterGenerator.cpp */,
				B74213411E384C7F00090D95 /* BigField.hpp */,
				B74213401E384C7F00090D95 /* BigField.cpp */,
			);
			name = Maps;
			sourceTree = "<group>";
		};
		B7A1EB3B1EDBB37700667423 /* Deprecated */ = {
			isa = PBXGroup;
			children = (
				B75F86321BACE5C10093B615 /* AnimatedSprite.h */,
				B75F86311BACE5C10093B615 /* AnimatedSprite.cpp */,
			);
			name = Deprecated;
			sourceTree = "<group>";
		};
/* End PBXGroup section */

/* Begin PBXNativeTarget section */
		B77783EE1AE5C57D007FA840 /* Overworld */ = {
			isa = PBXNativeTarget;
			buildConfigurationList = B77784041AE5C57D007FA840 /* Build configuration list for PBXNativeTarget "Overworld" */;
			buildPhases = (
				B77783EA1AE5C57D007FA840 /* Sources */,
				B77783EB1AE5C57D007FA840 /* Frameworks */,
				B77783EC1AE5C57D007FA840 /* Resources */,
				B77783ED1AE5C57D007FA840 /* ShellScript */,
			);
			buildRules = (
			);
			dependencies = (
			);
			name = Overworld;
			productName = Overworld;
			productReference = B77783EF1AE5C57D007FA840 /* Overworld.app */;
			productType = "com.apple.product-type.application";
		};
/* End PBXNativeTarget section */

/* Begin PBXProject section */
		B77783E61AE5C57D007FA840 /* Project object */ = {
			isa = PBXProject;
			attributes = {
				LastUpgradeCheck = 0620;
				ORGANIZATIONNAME = Noah;
				TargetAttributes = {
					B77783EE1AE5C57D007FA840 = {
						CreatedOnToolsVersion = 6.2;
					};
				};
			};
			buildConfigurationList = B77783E91AE5C57D007FA840 /* Build configuration list for PBXProject "Overworld" */;
			compatibilityVersion = "Xcode 3.2";
			developmentRegion = English;
			hasScannedForEncodings = 0;
			knownRegions = (
				en,
			);
			mainGroup = B77783E51AE5C57D007FA840;
			productRefGroup = B77783F01AE5C57D007FA840 /* Products */;
			projectDirPath = "";
			projectRoot = "";
			targets = (
				B77783EE1AE5C57D007FA840 /* Overworld */,
			);
		};
/* End PBXProject section */

/* Begin PBXResourcesBuildPhase section */
		B77783EC1AE5C57D007FA840 /* Resources */ = {
			isa = PBXResourcesBuildPhase;
			buildActionMask = 2147483647;
			files = (
				B7439C1A1ECA6D8C00724D0B /* Scarecrow.png in Resources */,
				B7023E131BB61A43005A6F93 /* BadAttackAnimation.png in Resources */,
				B7172F851AF0716500C21B1C /* Mountains.jpg in Resources */,
				B77784011AE5C57D007FA840 /* icon.png in Resources */,
				B73F35061E4B096D007EC4AC /* PlayerWalkingUp.png in Resources */,
				B7D3C23A1AEF869F0052DE83 /* Stickmaniac.png in Resources */,
				B73F35021E4B095B007EC4AC /* PlayerWalkingDown.png in Resources */,
				B75ABA1A1C7BD7DA00B9FFDE /* IterVector.inl in Resources */,
				B7023E151BB61A4A005A6F93 /* BasicIdle.png in Resources */,
				B7023E111BB61A36005A6F93 /* GetHitAnimation.png in Resources */,
				B77783FF1AE5C57D007FA840 /* sansation.ttf in Resources */,
				B73F35041E4B0963007EC4AC /* PlayerWalkingRight.png in Resources */,
				B7701D851EF4740D006AB891 /* Campfire.png in Resources */,
				B79E29881BA0E1C80020BA93 /* RollingWheat.png in Resources */,
				B77783FD1AE5C57D007FA840 /* nice_music.ogg in Resources */,
				B7D17D151E4E958300D71290 /* PlayerWalkingLeft.png in Resources */,
				B7A1EB3A1EDA9F5100667423 /* Yak.png in Resources */,
				B77783FB1AE5C57D007FA840 /* cute_image.jpg in Resources */,
				B742133F1E3836F300090D95 /* tree.png in Resources */,
			);
			runOnlyForDeploymentPostprocessing = 0;
		};
/* End PBXResourcesBuildPhase section */

/* Begin PBXShellScriptBuildPhase section */
		B77783ED1AE5C57D007FA840 /* ShellScript */ = {
			isa = PBXShellScriptBuildPhase;
			buildActionMask = 2147483647;
			files = (
			);
			inputPaths = (
			);
			outputPaths = (
			);
			runOnlyForDeploymentPostprocessing = 0;
			shellPath = /bin/sh;
			shellScript = "# This shell script simply copies required sfml dylibs/frameworks into the application bundle frameworks folder.\n# If you're using static libraries (which is not recommended) you should remove this script from your project.\n\n# Are we building a project that uses framework or dylibs ?\ncase \"$SFML_BINARY_TYPE\" in\n    DYLIBS)\n        frameworks=\"false\"\n        ;;\n    *)\n        frameworks=\"true\"\n        ;;\nesac\n\n# Echoes to stderr\nerror () # $* message to display\n{\n    echo $* 1>&2\n    exit 2\n}\n\nassert () # $1 is a boolean, $2...N is an error message\n{\n    if [ $# -lt 2 ]\n    then\n        error \"Internal error in assert : not enough args\"\n    fi\n\n    if [ $1 -ne 0 ]\n    then\n        shift\n        error \"$*\"\n    fi\n}\n\nforce_remove () # $1 is a path\n{\n    test $# -eq 1\n    assert $? \"force_remove() requires one parameter\"\n    rm -fr \"$1\"\n    assert $? \"couldn't remove $1\"\n}\n\ncopy () # $1 is a source, $2 is a destination\n{\n    test $# -eq 2\n    assert $? \"copy() requires two parameters\"\n    ditto \"$1\" \"$2\"\n    assert $? \"couldn't copy $1 to $2\"\n}\n\nrequire () # $1 is a SFML module like 'system' or 'audio'\n{\n    dest=\"$BUILT_PRODUCTS_DIR/$PRODUCT_NAME.app/Contents/Frameworks\"\n\n    if [ -z \"$1\" ]\n    then\n        error \"require() requires one parameter!\"\n    else\n        # clean potentially old stuff\n        force_remove \"$dest/libsfml-$1.2.dylib\"\n        force_remove \"$dest/libsfml-$1-d.2.dylib\"\n        force_remove \"$dest/sfml-$1.framework\"\n\n        # copy SFML libraries\n        if [ \"$frameworks\" = \"true\" ]\n        then\n            copy \"/Library/Frameworks/sfml-$1.framework\" \"$dest/sfml-$1.framework\"\n        elif [ \"$SFML_LINK_DYLIBS_SUFFIX\" = \"-d\" ]\n        then\n            copy \"/usr/local/lib/libsfml-$1-d.2.dylib\" \"$dest/libsfml-$1-d.2.dylib\"\n        else\n            copy \"/usr/local/lib/libsfml-$1.2.dylib\" \"$dest/libsfml-$1.2.dylib\"\n        fi\n\n        if [ \"$1\" = \"audio\" ]\n        then\n            # copy sndfile framework too\n            copy \"/Library/Frameworks/sndfile.framework\" \"$dest/sndfile.framework\"\n        fi\n\n        if [ \"$1\" = \"graphics\" ]\n        then\n            # copy freetype framework too\n            copy \"/Library/Frameworks/freetype.framework\" \"$dest/freetype.framework\"\n        fi\n    fi\n}\n\nif [ -n \"$SFML_SYSTEM\" ]\nthen\n    require \"system\"\nfi\n\nif [ -n \"$SFML_AUDIO\" ]\nthen\n    require \"audio\"\nfi\n\nif [ -n \"$SFML_NETWORK\" ]\nthen\n    require \"network\"\nfi\n\nif [ -n \"$SFML_WINDOW\" ]\nthen\n    require \"window\"\nfi\n\nif [ -n \"$SFML_GRAPHICS\" ]\nthen\n    require \"graphics\"\nfi\n\n                ";
		};
/* End PBXShellScriptBuildPhase section */

/* Begin PBXSourcesBuildPhase section */
		B77783EA1AE5C57D007FA840 /* Sources */ = {
			isa = PBXSourcesBuildPhase;
			buildActionMask = 2147483647;
			files = (
				B75ABA291C7BE1C400B9FFDE /* DialogueMode.cpp in Sources */,
				B7701D831EF262EA006AB891 /* Conditions.cpp in Sources */,
				B79AD8D81D4F128200B7C8F7 /* StartingZone.cpp in Sources */,
				B706F0781BFFE59700C95D49 /* State.cpp in Sources */,
				B7023E0F1BB5E19F005A6F93 /* EffectsHandler.cpp in Sources */,
				B7F96FDA1FFCD21B00FAB91B /* BattleAction.cpp in Sources */,
				B75F862F1BACE0FB0093B615 /* Ability.cpp in Sources */,
				B7262BCE2001A57E00989D70 /* MenuMode.cpp in Sources */,
				B75ABA251C7BD81D00B9FFDE /* TalkNode.cpp in Sources */,
				B77784091AE5C84D007FA840 /* Game.cpp in Sources */,
				B7034DA61E7298C3007288A6 /* Mode.cpp in Sources */,
				B75B77911C00723900122CCC /* StateStack.cpp in Sources */,
				B7439C1E1ECB8DED00724D0B /* GraphicsComponent.cpp in Sources */,
				B70D18DD20284340000B3584 /* BattleInfo.cpp in Sources */,
				B73219221B2111D000C41162 /* MapSection.cpp in Sources */,
				B7262BD42001B48D00989D70 /* MenuItem.cpp in Sources */,
				B74213421E384C7F00090D95 /* BigField.cpp in Sources */,
				B75F862C1BACE0C60093B615 /* Character.cpp in Sources */,
				B77BE44C1BB5E03500F5645C /* Menu.cpp in Sources */,
				B7A26C121C8070370083989B /* ZoneExit.cpp in Sources */,
				B7439C2A1ECBBD0400724D0B /* MapObject.cpp in Sources */,
				B797796F2044DBF7000870C2 /* AttackMode.cpp in Sources */,
				B742D6F91C1292EA0093C785 /* ResourceHolder.cpp in Sources */,
				B7D17D1B1E512CDC00D71290 /* LoadState.cpp in Sources */,
				B7E5DD4A1AE879C800E6EA3F /* OverworldMode.cpp in Sources */,
				B75F86331BACE5C10093B615 /* AnimatedSprite.cpp in Sources */,
				B77844A71E25D2F7002C7555 /* PauseMenu.cpp in Sources */,
				B76E02341D738EC90058D39E /* ResourcePath.mm in Sources */,
				B7C9F3811E6235D300E7A045 /* Fade.cpp in Sources */,
				B7DD37451C35DFFC0089224E /* BattleState.cpp in Sources */,
				B7B2778E1EE3E3470051D7C4 /* WalkingAnimation.cpp in Sources */,
				B7A26C0F1C8061A50083989B /* Trigger.cpp in Sources */,
				B78873551F3D530E00E7C725 /* CharacterGenerator.cpp in Sources */,
				B75ABA241C7BD81D00B9FFDE /* OptionNode.cpp in Sources */,
				B7DF60681EEF68BE00AB1B4F /* PlayerObject.cpp in Sources */,
				B7439C241ECB983900724D0B /* DelayedAnimation.cpp in Sources */,
				B7439C211ECB8F2E00724D0B /* AnimatedComponent.cpp in Sources */,
				B75ABA231C7BD81D00B9FFDE /* DNode.cpp in Sources */,
				B77783F81AE5C57D007FA840 /* main.cpp in Sources */,
			);
			runOnlyForDeploymentPostprocessing = 0;
		};
/* End PBXSourcesBuildPhase section */

/* Begin XCBuildConfiguration section */
		B77784021AE5C57D007FA840 /* Debug */ = {
			isa = XCBuildConfiguration;
			buildSettings = {
				ARCHS = "$(ARCHS_STANDARD_32_64_BIT)";
				CLANG_CXX_LANGUAGE_STANDARD = "c++0x";
				CLANG_CXX_LIBRARY = "libc++";
				CLANG_WARN_EMPTY_BODY = YES;
				CLANG_WARN__DUPLICATE_METHOD_MATCH = YES;
				FRAMEWORK_SEARCH_PATHS = (
					/Library/Frameworks/,
					"$(inherited)",
				);
				GCC_OPTIMIZATION_LEVEL = 0;
				GCC_PREPROCESSOR_DEFINITIONS = (
					"DEBUG=1",
					"$(inherited)",
				);
				GCC_VERSION = com.apple.compilers.llvm.clang.1_0;
				GCC_WARN_ABOUT_RETURN_TYPE = YES;
				GCC_WARN_UNINITIALIZED_AUTOS = YES;
				GCC_WARN_UNUSED_VARIABLE = YES;
				HEADER_SEARCH_PATHS = (
					/usr/local/include/,
					"$(inherited)",
				);
				LIBRARY_SEARCH_PATHS = (
					/usr/local/lib/,
					"$(inherited)",
				);
				ONLY_ACTIVE_ARCH = NO;
				OTHER_LDFLAGS = (
					"$(inherited)",
					"$(SFML_SYSTEM)",
					"$(SFML_WINDOW)",
					"$(SFML_GRAPHICS)",
					"$(SFML_AUDIO)",
					"$(SFML_NETWORK)",
				);
				SFML_AUDIO = "$(SFML_LINK_PREFIX) sfml-audio$(SFML_LINK_SUFFIX)";
				SFML_BINARY_TYPE = FRAMEWORKS;
				SFML_GRAPHICS = "$(SFML_LINK_PREFIX) sfml-graphics$(SFML_LINK_SUFFIX)";
				SFML_LINK_DYLIBS_PREFIX = "-l";
				SFML_LINK_DYLIBS_SUFFIX = "";
				SFML_LINK_FRAMEWORKS_PREFIX = "-framework";
				SFML_LINK_FRAMEWORKS_SUFFIX = "";
				SFML_LINK_PREFIX = "$(SFML_LINK_$(SFML_BINARY_TYPE)_PREFIX)";
				SFML_LINK_SUFFIX = "$(SFML_LINK_$(SFML_BINARY_TYPE)_SUFFIX)";
				SFML_NETWORK = "$(SFML_LINK_PREFIX) sfml-network$(SFML_LINK_SUFFIX)";
				SFML_SYSTEM = "$(SFML_LINK_PREFIX) sfml-system$(SFML_LINK_SUFFIX)";
				SFML_WINDOW = "$(SFML_LINK_PREFIX) sfml-window$(SFML_LINK_SUFFIX)";
				SUPPORTED_PLATFORMS = macosx;
			};
			name = Debug;
		};
		B77784031AE5C57D007FA840 /* Release */ = {
			isa = XCBuildConfiguration;
			buildSettings = {
				ARCHS = "$(ARCHS_STANDARD_32_64_BIT)";
				CLANG_CXX_LANGUAGE_STANDARD = "c++0x";
				CLANG_CXX_LIBRARY = "libc++";
				CLANG_WARN_EMPTY_BODY = YES;
				CLANG_WARN__DUPLICATE_METHOD_MATCH = YES;
				COPY_PHASE_STRIP = YES;
				FRAMEWORK_SEARCH_PATHS = (
					/Library/Frameworks/,
					"$(inherited)",
				);
				GCC_VERSION = com.apple.compilers.llvm.clang.1_0;
				GCC_WARN_ABOUT_RETURN_TYPE = YES;
				GCC_WARN_UNINITIALIZED_AUTOS = YES;
				GCC_WARN_UNUSED_VARIABLE = YES;
				HEADER_SEARCH_PATHS = (
					/usr/local/include/,
					"$(inherited)",
				);
				LIBRARY_SEARCH_PATHS = (
					/usr/local/lib/,
					"$(inherited)",
				);
				ONLY_ACTIVE_ARCH = NO;
				OTHER_LDFLAGS = (
					"$(inherited)",
					"$(SFML_SYSTEM)",
					"$(SFML_WINDOW)",
					"$(SFML_GRAPHICS)",
					"$(SFML_AUDIO)",
					"$(SFML_NETWORK)",
				);
				SFML_AUDIO = "$(SFML_LINK_PREFIX) sfml-audio$(SFML_LINK_SUFFIX)";
				SFML_BINARY_TYPE = FRAMEWORKS;
				SFML_GRAPHICS = "$(SFML_LINK_PREFIX) sfml-graphics$(SFML_LINK_SUFFIX)";
				SFML_LINK_DYLIBS_PREFIX = "-l";
				SFML_LINK_DYLIBS_SUFFIX = "";
				SFML_LINK_FRAMEWORKS_PREFIX = "-framework";
				SFML_LINK_FRAMEWORKS_SUFFIX = "";
				SFML_LINK_PREFIX = "$(SFML_LINK_$(SFML_BINARY_TYPE)_PREFIX)";
				SFML_LINK_SUFFIX = "$(SFML_LINK_$(SFML_BINARY_TYPE)_SUFFIX)";
				SFML_NETWORK = "$(SFML_LINK_PREFIX) sfml-network$(SFML_LINK_SUFFIX)";
				SFML_SYSTEM = "$(SFML_LINK_PREFIX) sfml-system$(SFML_LINK_SUFFIX)";
				SFML_WINDOW = "$(SFML_LINK_PREFIX) sfml-window$(SFML_LINK_SUFFIX)";
				SUPPORTED_PLATFORMS = macosx;
			};
			name = Release;
		};
		B77784051AE5C57D007FA840 /* Debug */ = {
			isa = XCBuildConfiguration;
			buildSettings = {
				INFOPLIST_FILE = "Overworld/Overworld-Info.plist";
				MACOSX_DEPLOYMENT_TARGET = 10.7;
				PRODUCT_NAME = "$(TARGET_NAME)";
			};
			name = Debug;
		};
		B77784061AE5C57D007FA840 /* Release */ = {
			isa = XCBuildConfiguration;
			buildSettings = {
				INFOPLIST_FILE = "Overworld/Overworld-Info.plist";
				MACOSX_DEPLOYMENT_TARGET = 10.7;
				PRODUCT_NAME = "$(TARGET_NAME)";
			};
			name = Release;
		};
/* End XCBuildConfiguration section */

/* Begin XCConfigurationList section */
		B77783E91AE5C57D007FA840 /* Build configuration list for PBXProject "Overworld" */ = {
			isa = XCConfigurationList;
			buildConfigurations = (
				B77784021AE5C57D007FA840 /* Debug */,
				B77784031AE5C57D007FA840 /* Release */,
			);
			defaultConfigurationIsVisible = 0;
			defaultConfigurationName = Release;
		};
		B77784041AE5C57D007FA840 /* Build configuration list for PBXNativeTarget "Overworld" */ = {
			isa = XCConfigurationList;
			buildConfigurations = (
				B77784051AE5C57D007FA840 /* Debug */,
				B77784061AE5C57D007FA840 /* Release */,
			);
			defaultConfigurationIsVisible = 0;
			defaultConfigurationName = Release;
		};
/* End XCConfigurationList section */
	};
	rootObject = B77783E61AE5C57D007FA840 /* Project object */;
}
